
Microsoft Visual Studio Solution File, Format Version 12.00
# Visual Studio Version 17
VisualStudioVersion = 17.2.32408.312
MinimumVisualStudioVersion = 15.0.26124.0
Project("{9A19103F-16F7-4668-BE54-9A1E7A4F7556}") = "Socially.Server.DataAccess", "Socially.Server.DataAccess\Socially.Server.DataAccess.csproj", "{4B1142DA-6206-40A8-A1A7-C9C9859E565D}"
EndProject
Project("{9A19103F-16F7-4668-BE54-9A1E7A4F7556}") = "Socially.WebAPI", "Socially.WebAPI\Socially.WebAPI.csproj", "{B38B55A9-9959-44AE-9C63-814B521E2843}"
EndProject
Project("{9A19103F-16F7-4668-BE54-9A1E7A4F7556}") = "Socially.Server.Managers", "Socially.Server.Managers\Socially.Server.Managers.csproj", "{B1FCDECD-6273-458C-B661-1EAAF3CE6465}"
EndProject
Project("{2150E333-8FDC-42A3-9474-1A3956D46DE8}") = "Server", "Server", "{77B6C2FF-5CC7-4150-A584-7A8268221D26}"
EndProject
Project("{9A19103F-16F7-4668-BE54-9A1E7A4F7556}") = "Socially.Server.Managers.Tests", "Socially.Server.Managers.Tests\Socially.Server.Managers.Tests.csproj", "{4D8DAD00-E60B-42F3-BD14-06C870DFDB2C}"
EndProject
Project("{2150E333-8FDC-42A3-9474-1A3956D46DE8}") = "Tests", "Tests", "{05C3142A-6BB0-4EFD-88A9-2F85FE1CDD2D}"
EndProject
Project("{2150E333-8FDC-42A3-9474-1A3956D46DE8}") = "Solution Items", "Solution Items", "{BECD41A5-5B09-4830-8709-642F2E58CB4F}"
	ProjectSection(SolutionItems) = preProject
		ReleaseNotes.txt = ReleaseNotes.txt
	EndProjectSection
EndProject
Project("{9A19103F-16F7-4668-BE54-9A1E7A4F7556}") = "Socially.WebAPI.IntegrationTests", "Socially.WebAPI.IntegrationTests\Socially.WebAPI.IntegrationTests.csproj", "{D488BA30-9D7B-42F4-BCA3-3962352ACDFF}"
EndProject
Project("{2150E333-8FDC-42A3-9474-1A3956D46DE8}") = "Utils", "Utils", "{64B6FBEE-B0D1-4345-AD10-08B1D2541E4B}"
	ProjectSection(SolutionItems) = preProject
		..\..\..\js\theme-gen.js = ..\..\..\js\theme-gen.js
	EndProjectSection
EndProject
Project("{2150E333-8FDC-42A3-9474-1A3956D46DE8}") = "Client Apps", "Client Apps", "{FCF98376-A6B4-4AB1-A194-1673CBE7E641}"
EndProject
Project("{9A19103F-16F7-4668-BE54-9A1E7A4F7556}") = "Socially.Apps.Consumer", "Socially.Apps.Consumer\Socially.Apps.Consumer.csproj", "{5D773567-BE8A-44E5-A5FD-81F5FABB78F0}"
EndProject
Project("{9A19103F-16F7-4668-BE54-9A1E7A4F7556}") = "Socially.Website", "Socially.Website\Socially.Website.csproj", "{0B554DDC-6ED5-4BC7-98BD-3372953606DC}"
EndProject
Project("{9A19103F-16F7-4668-BE54-9A1E7A4F7556}") = "Socially.Utils.MigrationConsole", "Socially.Utils.MigrationConsole\Socially.Utils.MigrationConsole.csproj", "{9D6D07AB-7461-4E57-B903-4D79B35BFD1D}"
EndProject
Project("{2150E333-8FDC-42A3-9474-1A3956D46DE8}") = "Core", "Core", "{09760E9F-C182-43C8-AE03-F5FFA7FFCC1A}"
EndProject
Project("{9A19103F-16F7-4668-BE54-9A1E7A4F7556}") = "Socially.Server.Entities", "Socially.Server.Entities\Socially.Server.Entities.csproj", "{AD665271-7A43-486B-8A17-2E0A5C428CE6}"
EndProject
Project("{9A19103F-16F7-4668-BE54-9A1E7A4F7556}") = "Socially.Models", "Socially.Models\Socially.Models.csproj", "{5BB99328-0247-4485-93C8-C288AA6C4C74}"
EndProject
Project("{9A19103F-16F7-4668-BE54-9A1E7A4F7556}") = "Socially.Utils.SamplerConsole", "Socially.Utils.SamplerConsole\Socially.Utils.SamplerConsole.csproj", "{994BBDEF-42C8-4A97-93FB-FB2F89285111}"
EndProject
Project("{9A19103F-16F7-4668-BE54-9A1E7A4F7556}") = "Socially.Server.ModelMappings", "Socially.Server.ModelMappings\Socially.Server.ModelMappings.csproj", "{1F9B70A2-8BE7-459F-9445-14EC44C0FF7D}"
EndProject
Project("{9A19103F-16F7-4668-BE54-9A1E7A4F7556}") = "Socially.Utils.SimpleAzCopy", "Socially.Utils.SimpleAzCopy\Socially.Utils.SimpleAzCopy.csproj", "{A58CB13D-435E-485E-AAC9-52A88BEA6F09}"
EndProject
Project("{9A19103F-16F7-4668-BE54-9A1E7A4F7556}") = "Socially.MobileApp", "Socially.MobileApp\Socially.MobileApp.csproj", "{D09D6B4F-7A5C-499B-A7B7-0211C15850DF}"
EndProject
Project("{9A19103F-16F7-4668-BE54-9A1E7A4F7556}") = "Socially.Utils.CodeGenerators", "Socially.Utils.CodeGenerators\Socially.Utils.CodeGenerators.csproj", "{ED27C4E4-7026-4926-9628-04AB27EF765C}"
EndProject
Project("{9A19103F-16F7-4668-BE54-9A1E7A4F7556}") = "Socially.Mobile.Logic", "Socially.Mobile.Logic\Socially.Mobile.Logic.csproj", "{92D222DB-5D93-414C-B9FB-E161EFCDC97A}"
EndProject
Project("{9A19103F-16F7-4668-BE54-9A1E7A4F7556}") = "Socially.Mobile.Logic.Tests", "Socially.Mobile.Logic.Tests\Socially.Mobile.Logic.Tests.csproj", "{C5606BA1-E1BB-4D5A-9161-233B455CC289}"
EndProject
Project("{2150E333-8FDC-42A3-9474-1A3956D46DE8}") = "Mobile Client", "Mobile Client", "{BB799034-888C-4384-BA56-AC9240F93260}"
EndProject
Global
	GlobalSection(SolutionConfigurationPlatforms) = preSolution
		Debug|Any CPU = Debug|Any CPU
		Debug|iPhone = Debug|iPhone
		Debug|iPhoneSimulator = Debug|iPhoneSimulator
		Debug|x64 = Debug|x64
		Debug|x86 = Debug|x86
		Release|Any CPU = Release|Any CPU
		Release|iPhone = Release|iPhone
		Release|iPhoneSimulator = Release|iPhoneSimulator
		Release|x64 = Release|x64
		Release|x86 = Release|x86
	EndGlobalSection
	GlobalSection(ProjectConfigurationPlatforms) = postSolution
		{4B1142DA-6206-40A8-A1A7-C9C9859E565D}.Debug|Any CPU.ActiveCfg = Debug|Any CPU
		{4B1142DA-6206-40A8-A1A7-C9C9859E565D}.Debug|Any CPU.Build.0 = Debug|Any CPU
		{4B1142DA-6206-40A8-A1A7-C9C9859E565D}.Debug|iPhone.ActiveCfg = Debug|Any CPU
		{4B1142DA-6206-40A8-A1A7-C9C9859E565D}.Debug|iPhone.Build.0 = Debug|Any CPU
		{4B1142DA-6206-40A8-A1A7-C9C9859E565D}.Debug|iPhoneSimulator.ActiveCfg = Debug|Any CPU
		{4B1142DA-6206-40A8-A1A7-C9C9859E565D}.Debug|iPhoneSimulator.Build.0 = Debug|Any CPU
		{4B1142DA-6206-40A8-A1A7-C9C9859E565D}.Debug|x64.ActiveCfg = Debug|Any CPU
		{4B1142DA-6206-40A8-A1A7-C9C9859E565D}.Debug|x64.Build.0 = Debug|Any CPU
		{4B1142DA-6206-40A8-A1A7-C9C9859E565D}.Debug|x86.ActiveCfg = Debug|Any CPU
		{4B1142DA-6206-40A8-A1A7-C9C9859E565D}.Debug|x86.Build.0 = Debug|Any CPU
		{4B1142DA-6206-40A8-A1A7-C9C9859E565D}.Release|Any CPU.ActiveCfg = Release|Any CPU
		{4B1142DA-6206-40A8-A1A7-C9C9859E565D}.Release|Any CPU.Build.0 = Release|Any CPU
		{4B1142DA-6206-40A8-A1A7-C9C9859E565D}.Release|iPhone.ActiveCfg = Release|Any CPU
		{4B1142DA-6206-40A8-A1A7-C9C9859E565D}.Release|iPhone.Build.0 = Release|Any CPU
		{4B1142DA-6206-40A8-A1A7-C9C9859E565D}.Release|iPhoneSimulator.ActiveCfg = Release|Any CPU
		{4B1142DA-6206-40A8-A1A7-C9C9859E565D}.Release|iPhoneSimulator.Build.0 = Release|Any CPU
		{4B1142DA-6206-40A8-A1A7-C9C9859E565D}.Release|x64.ActiveCfg = Release|Any CPU
		{4B1142DA-6206-40A8-A1A7-C9C9859E565D}.Release|x64.Build.0 = Release|Any CPU
		{4B1142DA-6206-40A8-A1A7-C9C9859E565D}.Release|x86.ActiveCfg = Release|Any CPU
		{4B1142DA-6206-40A8-A1A7-C9C9859E565D}.Release|x86.Build.0 = Release|Any CPU
		{B38B55A9-9959-44AE-9C63-814B521E2843}.Debug|Any CPU.ActiveCfg = Debug|Any CPU
		{B38B55A9-9959-44AE-9C63-814B521E2843}.Debug|Any CPU.Build.0 = Debug|Any CPU
		{B38B55A9-9959-44AE-9C63-814B521E2843}.Debug|iPhone.ActiveCfg = Debug|Any CPU
		{B38B55A9-9959-44AE-9C63-814B521E2843}.Debug|iPhone.Build.0 = Debug|Any CPU
		{B38B55A9-9959-44AE-9C63-814B521E2843}.Debug|iPhoneSimulator.ActiveCfg = Debug|Any CPU
		{B38B55A9-9959-44AE-9C63-814B521E2843}.Debug|iPhoneSimulator.Build.0 = Debug|Any CPU
		{B38B55A9-9959-44AE-9C63-814B521E2843}.Debug|x64.ActiveCfg = Debug|Any CPU
		{B38B55A9-9959-44AE-9C63-814B521E2843}.Debug|x64.Build.0 = Debug|Any CPU
		{B38B55A9-9959-44AE-9C63-814B521E2843}.Debug|x86.ActiveCfg = Debug|Any CPU
		{B38B55A9-9959-44AE-9C63-814B521E2843}.Debug|x86.Build.0 = Debug|Any CPU
		{B38B55A9-9959-44AE-9C63-814B521E2843}.Release|Any CPU.ActiveCfg = Release|Any CPU
		{B38B55A9-9959-44AE-9C63-814B521E2843}.Release|Any CPU.Build.0 = Release|Any CPU
		{B38B55A9-9959-44AE-9C63-814B521E2843}.Release|iPhone.ActiveCfg = Release|Any CPU
		{B38B55A9-9959-44AE-9C63-814B521E2843}.Release|iPhone.Build.0 = Release|Any CPU
		{B38B55A9-9959-44AE-9C63-814B521E2843}.Release|iPhoneSimulator.ActiveCfg = Release|Any CPU
		{B38B55A9-9959-44AE-9C63-814B521E2843}.Release|iPhoneSimulator.Build.0 = Release|Any CPU
		{B38B55A9-9959-44AE-9C63-814B521E2843}.Release|x64.ActiveCfg = Release|Any CPU
		{B38B55A9-9959-44AE-9C63-814B521E2843}.Release|x64.Build.0 = Release|Any CPU
		{B38B55A9-9959-44AE-9C63-814B521E2843}.Release|x86.ActiveCfg = Release|Any CPU
		{B38B55A9-9959-44AE-9C63-814B521E2843}.Release|x86.Build.0 = Release|Any CPU
		{B1FCDECD-6273-458C-B661-1EAAF3CE6465}.Debug|Any CPU.ActiveCfg = Debug|Any CPU
		{B1FCDECD-6273-458C-B661-1EAAF3CE6465}.Debug|Any CPU.Build.0 = Debug|Any CPU
		{B1FCDECD-6273-458C-B661-1EAAF3CE6465}.Debug|iPhone.ActiveCfg = Debug|Any CPU
		{B1FCDECD-6273-458C-B661-1EAAF3CE6465}.Debug|iPhone.Build.0 = Debug|Any CPU
		{B1FCDECD-6273-458C-B661-1EAAF3CE6465}.Debug|iPhoneSimulator.ActiveCfg = Debug|Any CPU
		{B1FCDECD-6273-458C-B661-1EAAF3CE6465}.Debug|iPhoneSimulator.Build.0 = Debug|Any CPU
		{B1FCDECD-6273-458C-B661-1EAAF3CE6465}.Debug|x64.ActiveCfg = Debug|Any CPU
		{B1FCDECD-6273-458C-B661-1EAAF3CE6465}.Debug|x64.Build.0 = Debug|Any CPU
		{B1FCDECD-6273-458C-B661-1EAAF3CE6465}.Debug|x86.ActiveCfg = Debug|Any CPU
		{B1FCDECD-6273-458C-B661-1EAAF3CE6465}.Debug|x86.Build.0 = Debug|Any CPU
		{B1FCDECD-6273-458C-B661-1EAAF3CE6465}.Release|Any CPU.ActiveCfg = Release|Any CPU
		{B1FCDECD-6273-458C-B661-1EAAF3CE6465}.Release|Any CPU.Build.0 = Release|Any CPU
		{B1FCDECD-6273-458C-B661-1EAAF3CE6465}.Release|iPhone.ActiveCfg = Release|Any CPU
		{B1FCDECD-6273-458C-B661-1EAAF3CE6465}.Release|iPhone.Build.0 = Release|Any CPU
		{B1FCDECD-6273-458C-B661-1EAAF3CE6465}.Release|iPhoneSimulator.ActiveCfg = Release|Any CPU
		{B1FCDECD-6273-458C-B661-1EAAF3CE6465}.Release|iPhoneSimulator.Build.0 = Release|Any CPU
		{B1FCDECD-6273-458C-B661-1EAAF3CE6465}.Release|x64.ActiveCfg = Release|Any CPU
		{B1FCDECD-6273-458C-B661-1EAAF3CE6465}.Release|x64.Build.0 = Release|Any CPU
		{B1FCDECD-6273-458C-B661-1EAAF3CE6465}.Release|x86.ActiveCfg = Release|Any CPU
		{B1FCDECD-6273-458C-B661-1EAAF3CE6465}.Release|x86.Build.0 = Release|Any CPU
		{4D8DAD00-E60B-42F3-BD14-06C870DFDB2C}.Debug|Any CPU.ActiveCfg = Debug|Any CPU
		{4D8DAD00-E60B-42F3-BD14-06C870DFDB2C}.Debug|Any CPU.Build.0 = Debug|Any CPU
		{4D8DAD00-E60B-42F3-BD14-06C870DFDB2C}.Debug|iPhone.ActiveCfg = Debug|Any CPU
		{4D8DAD00-E60B-42F3-BD14-06C870DFDB2C}.Debug|iPhone.Build.0 = Debug|Any CPU
		{4D8DAD00-E60B-42F3-BD14-06C870DFDB2C}.Debug|iPhoneSimulator.ActiveCfg = Debug|Any CPU
		{4D8DAD00-E60B-42F3-BD14-06C870DFDB2C}.Debug|iPhoneSimulator.Build.0 = Debug|Any CPU
		{4D8DAD00-E60B-42F3-BD14-06C870DFDB2C}.Debug|x64.ActiveCfg = Debug|Any CPU
		{4D8DAD00-E60B-42F3-BD14-06C870DFDB2C}.Debug|x64.Build.0 = Debug|Any CPU
		{4D8DAD00-E60B-42F3-BD14-06C870DFDB2C}.Debug|x86.ActiveCfg = Debug|Any CPU
		{4D8DAD00-E60B-42F3-BD14-06C870DFDB2C}.Debug|x86.Build.0 = Debug|Any CPU
		{4D8DAD00-E60B-42F3-BD14-06C870DFDB2C}.Release|Any CPU.ActiveCfg = Release|Any CPU
		{4D8DAD00-E60B-42F3-BD14-06C870DFDB2C}.Release|Any CPU.Build.0 = Release|Any CPU
		{4D8DAD00-E60B-42F3-BD14-06C870DFDB2C}.Release|iPhone.ActiveCfg = Release|Any CPU
		{4D8DAD00-E60B-42F3-BD14-06C870DFDB2C}.Release|iPhone.Build.0 = Release|Any CPU
		{4D8DAD00-E60B-42F3-BD14-06C870DFDB2C}.Release|iPhoneSimulator.ActiveCfg = Release|Any CPU
		{4D8DAD00-E60B-42F3-BD14-06C870DFDB2C}.Release|iPhoneSimulator.Build.0 = Release|Any CPU
		{4D8DAD00-E60B-42F3-BD14-06C870DFDB2C}.Release|x64.ActiveCfg = Release|Any CPU
		{4D8DAD00-E60B-42F3-BD14-06C870DFDB2C}.Release|x64.Build.0 = Release|Any CPU
		{4D8DAD00-E60B-42F3-BD14-06C870DFDB2C}.Release|x86.ActiveCfg = Release|Any CPU
		{4D8DAD00-E60B-42F3-BD14-06C870DFDB2C}.Release|x86.Build.0 = Release|Any CPU
		{D488BA30-9D7B-42F4-BCA3-3962352ACDFF}.Debug|Any CPU.ActiveCfg = Debug|Any CPU
		{D488BA30-9D7B-42F4-BCA3-3962352ACDFF}.Debug|Any CPU.Build.0 = Debug|Any CPU
		{D488BA30-9D7B-42F4-BCA3-3962352ACDFF}.Debug|iPhone.ActiveCfg = Debug|Any CPU
		{D488BA30-9D7B-42F4-BCA3-3962352ACDFF}.Debug|iPhone.Build.0 = Debug|Any CPU
		{D488BA30-9D7B-42F4-BCA3-3962352ACDFF}.Debug|iPhoneSimulator.ActiveCfg = Debug|Any CPU
		{D488BA30-9D7B-42F4-BCA3-3962352ACDFF}.Debug|iPhoneSimulator.Build.0 = Debug|Any CPU
		{D488BA30-9D7B-42F4-BCA3-3962352ACDFF}.Debug|x64.ActiveCfg = Debug|Any CPU
		{D488BA30-9D7B-42F4-BCA3-3962352ACDFF}.Debug|x64.Build.0 = Debug|Any CPU
		{D488BA30-9D7B-42F4-BCA3-3962352ACDFF}.Debug|x86.ActiveCfg = Debug|Any CPU
		{D488BA30-9D7B-42F4-BCA3-3962352ACDFF}.Debug|x86.Build.0 = Debug|Any CPU
		{D488BA30-9D7B-42F4-BCA3-3962352ACDFF}.Release|Any CPU.ActiveCfg = Release|Any CPU
		{D488BA30-9D7B-42F4-BCA3-3962352ACDFF}.Release|Any CPU.Build.0 = Release|Any CPU
		{D488BA30-9D7B-42F4-BCA3-3962352ACDFF}.Release|iPhone.ActiveCfg = Release|Any CPU
		{D488BA30-9D7B-42F4-BCA3-3962352ACDFF}.Release|iPhone.Build.0 = Release|Any CPU
		{D488BA30-9D7B-42F4-BCA3-3962352ACDFF}.Release|iPhoneSimulator.ActiveCfg = Release|Any CPU
		{D488BA30-9D7B-42F4-BCA3-3962352ACDFF}.Release|iPhoneSimulator.Build.0 = Release|Any CPU
		{D488BA30-9D7B-42F4-BCA3-3962352ACDFF}.Release|x64.ActiveCfg = Release|Any CPU
		{D488BA30-9D7B-42F4-BCA3-3962352ACDFF}.Release|x64.Build.0 = Release|Any CPU
		{D488BA30-9D7B-42F4-BCA3-3962352ACDFF}.Release|x86.ActiveCfg = Release|Any CPU
		{D488BA30-9D7B-42F4-BCA3-3962352ACDFF}.Release|x86.Build.0 = Release|Any CPU
		{5D773567-BE8A-44E5-A5FD-81F5FABB78F0}.Debug|Any CPU.ActiveCfg = Debug|Any CPU
		{5D773567-BE8A-44E5-A5FD-81F5FABB78F0}.Debug|Any CPU.Build.0 = Debug|Any CPU
		{5D773567-BE8A-44E5-A5FD-81F5FABB78F0}.Debug|iPhone.ActiveCfg = Debug|Any CPU
		{5D773567-BE8A-44E5-A5FD-81F5FABB78F0}.Debug|iPhone.Build.0 = Debug|Any CPU
		{5D773567-BE8A-44E5-A5FD-81F5FABB78F0}.Debug|iPhoneSimulator.ActiveCfg = Debug|Any CPU
		{5D773567-BE8A-44E5-A5FD-81F5FABB78F0}.Debug|iPhoneSimulator.Build.0 = Debug|Any CPU
		{5D773567-BE8A-44E5-A5FD-81F5FABB78F0}.Debug|x64.ActiveCfg = Debug|Any CPU
		{5D773567-BE8A-44E5-A5FD-81F5FABB78F0}.Debug|x64.Build.0 = Debug|Any CPU
		{5D773567-BE8A-44E5-A5FD-81F5FABB78F0}.Debug|x86.ActiveCfg = Debug|Any CPU
		{5D773567-BE8A-44E5-A5FD-81F5FABB78F0}.Debug|x86.Build.0 = Debug|Any CPU
		{5D773567-BE8A-44E5-A5FD-81F5FABB78F0}.Release|Any CPU.ActiveCfg = Release|Any CPU
		{5D773567-BE8A-44E5-A5FD-81F5FABB78F0}.Release|Any CPU.Build.0 = Release|Any CPU
		{5D773567-BE8A-44E5-A5FD-81F5FABB78F0}.Release|iPhone.ActiveCfg = Release|Any CPU
		{5D773567-BE8A-44E5-A5FD-81F5FABB78F0}.Release|iPhone.Build.0 = Release|Any CPU
		{5D773567-BE8A-44E5-A5FD-81F5FABB78F0}.Release|iPhoneSimulator.ActiveCfg = Release|Any CPU
		{5D773567-BE8A-44E5-A5FD-81F5FABB78F0}.Release|iPhoneSimulator.Build.0 = Release|Any CPU
		{5D773567-BE8A-44E5-A5FD-81F5FABB78F0}.Release|x64.ActiveCfg = Release|Any CPU
		{5D773567-BE8A-44E5-A5FD-81F5FABB78F0}.Release|x64.Build.0 = Release|Any CPU
		{5D773567-BE8A-44E5-A5FD-81F5FABB78F0}.Release|x86.ActiveCfg = Release|Any CPU
		{5D773567-BE8A-44E5-A5FD-81F5FABB78F0}.Release|x86.Build.0 = Release|Any CPU
		{0B554DDC-6ED5-4BC7-98BD-3372953606DC}.Debug|Any CPU.ActiveCfg = Debug|Any CPU
		{0B554DDC-6ED5-4BC7-98BD-3372953606DC}.Debug|Any CPU.Build.0 = Debug|Any CPU
		{0B554DDC-6ED5-4BC7-98BD-3372953606DC}.Debug|iPhone.ActiveCfg = Debug|Any CPU
		{0B554DDC-6ED5-4BC7-98BD-3372953606DC}.Debug|iPhone.Build.0 = Debug|Any CPU
		{0B554DDC-6ED5-4BC7-98BD-3372953606DC}.Debug|iPhoneSimulator.ActiveCfg = Debug|Any CPU
		{0B554DDC-6ED5-4BC7-98BD-3372953606DC}.Debug|iPhoneSimulator.Build.0 = Debug|Any CPU
		{0B554DDC-6ED5-4BC7-98BD-3372953606DC}.Debug|x64.ActiveCfg = Debug|Any CPU
		{0B554DDC-6ED5-4BC7-98BD-3372953606DC}.Debug|x64.Build.0 = Debug|Any CPU
		{0B554DDC-6ED5-4BC7-98BD-3372953606DC}.Debug|x86.ActiveCfg = Debug|Any CPU
		{0B554DDC-6ED5-4BC7-98BD-3372953606DC}.Debug|x86.Build.0 = Debug|Any CPU
		{0B554DDC-6ED5-4BC7-98BD-3372953606DC}.Release|Any CPU.ActiveCfg = Release|Any CPU
		{0B554DDC-6ED5-4BC7-98BD-3372953606DC}.Release|Any CPU.Build.0 = Release|Any CPU
		{0B554DDC-6ED5-4BC7-98BD-3372953606DC}.Release|iPhone.ActiveCfg = Release|Any CPU
		{0B554DDC-6ED5-4BC7-98BD-3372953606DC}.Release|iPhone.Build.0 = Release|Any CPU
		{0B554DDC-6ED5-4BC7-98BD-3372953606DC}.Release|iPhoneSimulator.ActiveCfg = Release|Any CPU
		{0B554DDC-6ED5-4BC7-98BD-3372953606DC}.Release|iPhoneSimulator.Build.0 = Release|Any CPU
		{0B554DDC-6ED5-4BC7-98BD-3372953606DC}.Release|x64.ActiveCfg = Release|Any CPU
		{0B554DDC-6ED5-4BC7-98BD-3372953606DC}.Release|x64.Build.0 = Release|Any CPU
		{0B554DDC-6ED5-4BC7-98BD-3372953606DC}.Release|x86.ActiveCfg = Release|Any CPU
		{0B554DDC-6ED5-4BC7-98BD-3372953606DC}.Release|x86.Build.0 = Release|Any CPU
		{9D6D07AB-7461-4E57-B903-4D79B35BFD1D}.Debug|Any CPU.ActiveCfg = Debug|Any CPU
		{9D6D07AB-7461-4E57-B903-4D79B35BFD1D}.Debug|Any CPU.Build.0 = Debug|Any CPU
		{9D6D07AB-7461-4E57-B903-4D79B35BFD1D}.Debug|iPhone.ActiveCfg = Debug|Any CPU
		{9D6D07AB-7461-4E57-B903-4D79B35BFD1D}.Debug|iPhone.Build.0 = Debug|Any CPU
		{9D6D07AB-7461-4E57-B903-4D79B35BFD1D}.Debug|iPhoneSimulator.ActiveCfg = Debug|Any CPU
		{9D6D07AB-7461-4E57-B903-4D79B35BFD1D}.Debug|iPhoneSimulator.Build.0 = Debug|Any CPU
		{9D6D07AB-7461-4E57-B903-4D79B35BFD1D}.Debug|x64.ActiveCfg = Debug|Any CPU
		{9D6D07AB-7461-4E57-B903-4D79B35BFD1D}.Debug|x64.Build.0 = Debug|Any CPU
		{9D6D07AB-7461-4E57-B903-4D79B35BFD1D}.Debug|x86.ActiveCfg = Debug|Any CPU
		{9D6D07AB-7461-4E57-B903-4D79B35BFD1D}.Debug|x86.Build.0 = Debug|Any CPU
		{9D6D07AB-7461-4E57-B903-4D79B35BFD1D}.Release|Any CPU.ActiveCfg = Release|Any CPU
		{9D6D07AB-7461-4E57-B903-4D79B35BFD1D}.Release|Any CPU.Build.0 = Release|Any CPU
		{9D6D07AB-7461-4E57-B903-4D79B35BFD1D}.Release|iPhone.ActiveCfg = Release|Any CPU
		{9D6D07AB-7461-4E57-B903-4D79B35BFD1D}.Release|iPhone.Build.0 = Release|Any CPU
		{9D6D07AB-7461-4E57-B903-4D79B35BFD1D}.Release|iPhoneSimulator.ActiveCfg = Release|Any CPU
		{9D6D07AB-7461-4E57-B903-4D79B35BFD1D}.Release|iPhoneSimulator.Build.0 = Release|Any CPU
		{9D6D07AB-7461-4E57-B903-4D79B35BFD1D}.Release|x64.ActiveCfg = Release|Any CPU
		{9D6D07AB-7461-4E57-B903-4D79B35BFD1D}.Release|x64.Build.0 = Release|Any CPU
		{9D6D07AB-7461-4E57-B903-4D79B35BFD1D}.Release|x86.ActiveCfg = Release|Any CPU
		{9D6D07AB-7461-4E57-B903-4D79B35BFD1D}.Release|x86.Build.0 = Release|Any CPU
		{AD665271-7A43-486B-8A17-2E0A5C428CE6}.Debug|Any CPU.ActiveCfg = Debug|Any CPU
		{AD665271-7A43-486B-8A17-2E0A5C428CE6}.Debug|Any CPU.Build.0 = Debug|Any CPU
		{AD665271-7A43-486B-8A17-2E0A5C428CE6}.Debug|iPhone.ActiveCfg = Debug|Any CPU
		{AD665271-7A43-486B-8A17-2E0A5C428CE6}.Debug|iPhone.Build.0 = Debug|Any CPU
		{AD665271-7A43-486B-8A17-2E0A5C428CE6}.Debug|iPhoneSimulator.ActiveCfg = Debug|Any CPU
		{AD665271-7A43-486B-8A17-2E0A5C428CE6}.Debug|iPhoneSimulator.Build.0 = Debug|Any CPU
		{AD665271-7A43-486B-8A17-2E0A5C428CE6}.Debug|x64.ActiveCfg = Debug|Any CPU
		{AD665271-7A43-486B-8A17-2E0A5C428CE6}.Debug|x64.Build.0 = Debug|Any CPU
		{AD665271-7A43-486B-8A17-2E0A5C428CE6}.Debug|x86.ActiveCfg = Debug|Any CPU
		{AD665271-7A43-486B-8A17-2E0A5C428CE6}.Debug|x86.Build.0 = Debug|Any CPU
		{AD665271-7A43-486B-8A17-2E0A5C428CE6}.Release|Any CPU.ActiveCfg = Release|Any CPU
		{AD665271-7A43-486B-8A17-2E0A5C428CE6}.Release|Any CPU.Build.0 = Release|Any CPU
		{AD665271-7A43-486B-8A17-2E0A5C428CE6}.Release|iPhone.ActiveCfg = Release|Any CPU
		{AD665271-7A43-486B-8A17-2E0A5C428CE6}.Release|iPhone.Build.0 = Release|Any CPU
		{AD665271-7A43-486B-8A17-2E0A5C428CE6}.Release|iPhoneSimulator.ActiveCfg = Release|Any CPU
		{AD665271-7A43-486B-8A17-2E0A5C428CE6}.Release|iPhoneSimulator.Build.0 = Release|Any CPU
		{AD665271-7A43-486B-8A17-2E0A5C428CE6}.Release|x64.ActiveCfg = Release|Any CPU
		{AD665271-7A43-486B-8A17-2E0A5C428CE6}.Release|x64.Build.0 = Release|Any CPU
		{AD665271-7A43-486B-8A17-2E0A5C428CE6}.Release|x86.ActiveCfg = Release|Any CPU
		{AD665271-7A43-486B-8A17-2E0A5C428CE6}.Release|x86.Build.0 = Release|Any CPU
		{5BB99328-0247-4485-93C8-C288AA6C4C74}.Debug|Any CPU.ActiveCfg = Debug|Any CPU
		{5BB99328-0247-4485-93C8-C288AA6C4C74}.Debug|Any CPU.Build.0 = Debug|Any CPU
		{5BB99328-0247-4485-93C8-C288AA6C4C74}.Debug|iPhone.ActiveCfg = Debug|Any CPU
		{5BB99328-0247-4485-93C8-C288AA6C4C74}.Debug|iPhone.Build.0 = Debug|Any CPU
		{5BB99328-0247-4485-93C8-C288AA6C4C74}.Debug|iPhoneSimulator.ActiveCfg = Debug|Any CPU
		{5BB99328-0247-4485-93C8-C288AA6C4C74}.Debug|iPhoneSimulator.Build.0 = Debug|Any CPU
		{5BB99328-0247-4485-93C8-C288AA6C4C74}.Debug|x64.ActiveCfg = Debug|Any CPU
		{5BB99328-0247-4485-93C8-C288AA6C4C74}.Debug|x64.Build.0 = Debug|Any CPU
		{5BB99328-0247-4485-93C8-C288AA6C4C74}.Debug|x86.ActiveCfg = Debug|Any CPU
		{5BB99328-0247-4485-93C8-C288AA6C4C74}.Debug|x86.Build.0 = Debug|Any CPU
		{5BB99328-0247-4485-93C8-C288AA6C4C74}.Release|Any CPU.ActiveCfg = Release|Any CPU
		{5BB99328-0247-4485-93C8-C288AA6C4C74}.Release|Any CPU.Build.0 = Release|Any CPU
		{5BB99328-0247-4485-93C8-C288AA6C4C74}.Release|iPhone.ActiveCfg = Release|Any CPU
		{5BB99328-0247-4485-93C8-C288AA6C4C74}.Release|iPhone.Build.0 = Release|Any CPU
		{5BB99328-0247-4485-93C8-C288AA6C4C74}.Release|iPhoneSimulator.ActiveCfg = Release|Any CPU
		{5BB99328-0247-4485-93C8-C288AA6C4C74}.Release|iPhoneSimulator.Build.0 = Release|Any CPU
		{5BB99328-0247-4485-93C8-C288AA6C4C74}.Release|x64.ActiveCfg = Release|Any CPU
		{5BB99328-0247-4485-93C8-C288AA6C4C74}.Release|x64.Build.0 = Release|Any CPU
		{5BB99328-0247-4485-93C8-C288AA6C4C74}.Release|x86.ActiveCfg = Release|Any CPU
		{5BB99328-0247-4485-93C8-C288AA6C4C74}.Release|x86.Build.0 = Release|Any CPU
		{994BBDEF-42C8-4A97-93FB-FB2F89285111}.Debug|Any CPU.ActiveCfg = Debug|Any CPU
		{994BBDEF-42C8-4A97-93FB-FB2F89285111}.Debug|Any CPU.Build.0 = Debug|Any CPU
		{994BBDEF-42C8-4A97-93FB-FB2F89285111}.Debug|iPhone.ActiveCfg = Debug|Any CPU
		{994BBDEF-42C8-4A97-93FB-FB2F89285111}.Debug|iPhone.Build.0 = Debug|Any CPU
		{994BBDEF-42C8-4A97-93FB-FB2F89285111}.Debug|iPhoneSimulator.ActiveCfg = Debug|Any CPU
		{994BBDEF-42C8-4A97-93FB-FB2F89285111}.Debug|iPhoneSimulator.Build.0 = Debug|Any CPU
		{994BBDEF-42C8-4A97-93FB-FB2F89285111}.Debug|x64.ActiveCfg = Debug|Any CPU
		{994BBDEF-42C8-4A97-93FB-FB2F89285111}.Debug|x64.Build.0 = Debug|Any CPU
		{994BBDEF-42C8-4A97-93FB-FB2F89285111}.Debug|x86.ActiveCfg = Debug|Any CPU
		{994BBDEF-42C8-4A97-93FB-FB2F89285111}.Debug|x86.Build.0 = Debug|Any CPU
		{994BBDEF-42C8-4A97-93FB-FB2F89285111}.Release|Any CPU.ActiveCfg = Release|Any CPU
		{994BBDEF-42C8-4A97-93FB-FB2F89285111}.Release|Any CPU.Build.0 = Release|Any CPU
		{994BBDEF-42C8-4A97-93FB-FB2F89285111}.Release|iPhone.ActiveCfg = Release|Any CPU
		{994BBDEF-42C8-4A97-93FB-FB2F89285111}.Release|iPhone.Build.0 = Release|Any CPU
		{994BBDEF-42C8-4A97-93FB-FB2F89285111}.Release|iPhoneSimulator.ActiveCfg = Release|Any CPU
		{994BBDEF-42C8-4A97-93FB-FB2F89285111}.Release|iPhoneSimulator.Build.0 = Release|Any CPU
		{994BBDEF-42C8-4A97-93FB-FB2F89285111}.Release|x64.ActiveCfg = Release|Any CPU
		{994BBDEF-42C8-4A97-93FB-FB2F89285111}.Release|x64.Build.0 = Release|Any CPU
		{994BBDEF-42C8-4A97-93FB-FB2F89285111}.Release|x86.ActiveCfg = Release|Any CPU
		{994BBDEF-42C8-4A97-93FB-FB2F89285111}.Release|x86.Build.0 = Release|Any CPU
		{1F9B70A2-8BE7-459F-9445-14EC44C0FF7D}.Debug|Any CPU.ActiveCfg = Debug|Any CPU
		{1F9B70A2-8BE7-459F-9445-14EC44C0FF7D}.Debug|Any CPU.Build.0 = Debug|Any CPU
		{1F9B70A2-8BE7-459F-9445-14EC44C0FF7D}.Debug|iPhone.ActiveCfg = Debug|Any CPU
		{1F9B70A2-8BE7-459F-9445-14EC44C0FF7D}.Debug|iPhone.Build.0 = Debug|Any CPU
		{1F9B70A2-8BE7-459F-9445-14EC44C0FF7D}.Debug|iPhoneSimulator.ActiveCfg = Debug|Any CPU
		{1F9B70A2-8BE7-459F-9445-14EC44C0FF7D}.Debug|iPhoneSimulator.Build.0 = Debug|Any CPU
		{1F9B70A2-8BE7-459F-9445-14EC44C0FF7D}.Debug|x64.ActiveCfg = Debug|Any CPU
		{1F9B70A2-8BE7-459F-9445-14EC44C0FF7D}.Debug|x64.Build.0 = Debug|Any CPU
		{1F9B70A2-8BE7-459F-9445-14EC44C0FF7D}.Debug|x86.ActiveCfg = Debug|Any CPU
		{1F9B70A2-8BE7-459F-9445-14EC44C0FF7D}.Debug|x86.Build.0 = Debug|Any CPU
		{1F9B70A2-8BE7-459F-9445-14EC44C0FF7D}.Release|Any CPU.ActiveCfg = Release|Any CPU
		{1F9B70A2-8BE7-459F-9445-14EC44C0FF7D}.Release|Any CPU.Build.0 = Release|Any CPU
		{1F9B70A2-8BE7-459F-9445-14EC44C0FF7D}.Release|iPhone.ActiveCfg = Release|Any CPU
		{1F9B70A2-8BE7-459F-9445-14EC44C0FF7D}.Release|iPhone.Build.0 = Release|Any CPU
		{1F9B70A2-8BE7-459F-9445-14EC44C0FF7D}.Release|iPhoneSimulator.ActiveCfg = Release|Any CPU
		{1F9B70A2-8BE7-459F-9445-14EC44C0FF7D}.Release|iPhoneSimulator.Build.0 = Release|Any CPU
		{1F9B70A2-8BE7-459F-9445-14EC44C0FF7D}.Release|x64.ActiveCfg = Release|Any CPU
		{1F9B70A2-8BE7-459F-9445-14EC44C0FF7D}.Release|x64.Build.0 = Release|Any CPU
		{1F9B70A2-8BE7-459F-9445-14EC44C0FF7D}.Release|x86.ActiveCfg = Release|Any CPU
		{1F9B70A2-8BE7-459F-9445-14EC44C0FF7D}.Release|x86.Build.0 = Release|Any CPU
		{A58CB13D-435E-485E-AAC9-52A88BEA6F09}.Debug|Any CPU.ActiveCfg = Debug|Any CPU
		{A58CB13D-435E-485E-AAC9-52A88BEA6F09}.Debug|Any CPU.Build.0 = Debug|Any CPU
		{A58CB13D-435E-485E-AAC9-52A88BEA6F09}.Debug|iPhone.ActiveCfg = Debug|Any CPU
		{A58CB13D-435E-485E-AAC9-52A88BEA6F09}.Debug|iPhone.Build.0 = Debug|Any CPU
		{A58CB13D-435E-485E-AAC9-52A88BEA6F09}.Debug|iPhoneSimulator.ActiveCfg = Debug|Any CPU
		{A58CB13D-435E-485E-AAC9-52A88BEA6F09}.Debug|iPhoneSimulator.Build.0 = Debug|Any CPU
		{A58CB13D-435E-485E-AAC9-52A88BEA6F09}.Debug|x64.ActiveCfg = Debug|Any CPU
		{A58CB13D-435E-485E-AAC9-52A88BEA6F09}.Debug|x64.Build.0 = Debug|Any CPU
		{A58CB13D-435E-485E-AAC9-52A88BEA6F09}.Debug|x86.ActiveCfg = Debug|Any CPU
		{A58CB13D-435E-485E-AAC9-52A88BEA6F09}.Debug|x86.Build.0 = Debug|Any CPU
		{A58CB13D-435E-485E-AAC9-52A88BEA6F09}.Release|Any CPU.ActiveCfg = Release|Any CPU
		{A58CB13D-435E-485E-AAC9-52A88BEA6F09}.Release|Any CPU.Build.0 = Release|Any CPU
		{A58CB13D-435E-485E-AAC9-52A88BEA6F09}.Release|iPhone.ActiveCfg = Release|Any CPU
		{A58CB13D-435E-485E-AAC9-52A88BEA6F09}.Release|iPhone.Build.0 = Release|Any CPU
		{A58CB13D-435E-485E-AAC9-52A88BEA6F09}.Release|iPhoneSimulator.ActiveCfg = Release|Any CPU
		{A58CB13D-435E-485E-AAC9-52A88BEA6F09}.Release|iPhoneSimulator.Build.0 = Release|Any CPU
		{A58CB13D-435E-485E-AAC9-52A88BEA6F09}.Release|x64.ActiveCfg = Release|Any CPU
		{A58CB13D-435E-485E-AAC9-52A88BEA6F09}.Release|x64.Build.0 = Release|Any CPU
		{A58CB13D-435E-485E-AAC9-52A88BEA6F09}.Release|x86.ActiveCfg = Release|Any CPU
		{A58CB13D-435E-485E-AAC9-52A88BEA6F09}.Release|x86.Build.0 = Release|Any CPU
		{D09D6B4F-7A5C-499B-A7B7-0211C15850DF}.Debug|Any CPU.ActiveCfg = Debug|Any CPU
		{D09D6B4F-7A5C-499B-A7B7-0211C15850DF}.Debug|Any CPU.Build.0 = Debug|Any CPU
		{D09D6B4F-7A5C-499B-A7B7-0211C15850DF}.Debug|Any CPU.Deploy.0 = Debug|Any CPU
		{D09D6B4F-7A5C-499B-A7B7-0211C15850DF}.Debug|iPhone.ActiveCfg = Debug|Any CPU
		{D09D6B4F-7A5C-499B-A7B7-0211C15850DF}.Debug|iPhone.Build.0 = Debug|Any CPU
		{D09D6B4F-7A5C-499B-A7B7-0211C15850DF}.Debug|iPhone.Deploy.0 = Debug|Any CPU
		{D09D6B4F-7A5C-499B-A7B7-0211C15850DF}.Debug|iPhoneSimulator.ActiveCfg = Debug|Any CPU
		{D09D6B4F-7A5C-499B-A7B7-0211C15850DF}.Debug|iPhoneSimulator.Build.0 = Debug|Any CPU
		{D09D6B4F-7A5C-499B-A7B7-0211C15850DF}.Debug|iPhoneSimulator.Deploy.0 = Debug|Any CPU
		{D09D6B4F-7A5C-499B-A7B7-0211C15850DF}.Debug|x64.ActiveCfg = Debug|Any CPU
		{D09D6B4F-7A5C-499B-A7B7-0211C15850DF}.Debug|x64.Build.0 = Debug|Any CPU
		{D09D6B4F-7A5C-499B-A7B7-0211C15850DF}.Debug|x64.Deploy.0 = Debug|Any CPU
		{D09D6B4F-7A5C-499B-A7B7-0211C15850DF}.Debug|x86.ActiveCfg = Debug|Any CPU
		{D09D6B4F-7A5C-499B-A7B7-0211C15850DF}.Debug|x86.Build.0 = Debug|Any CPU
		{D09D6B4F-7A5C-499B-A7B7-0211C15850DF}.Debug|x86.Deploy.0 = Debug|Any CPU
		{D09D6B4F-7A5C-499B-A7B7-0211C15850DF}.Release|Any CPU.ActiveCfg = Release|Any CPU
		{D09D6B4F-7A5C-499B-A7B7-0211C15850DF}.Release|Any CPU.Build.0 = Release|Any CPU
		{D09D6B4F-7A5C-499B-A7B7-0211C15850DF}.Release|Any CPU.Deploy.0 = Release|Any CPU
		{D09D6B4F-7A5C-499B-A7B7-0211C15850DF}.Release|iPhone.ActiveCfg = Release|Any CPU
		{D09D6B4F-7A5C-499B-A7B7-0211C15850DF}.Release|iPhone.Build.0 = Release|Any CPU
		{D09D6B4F-7A5C-499B-A7B7-0211C15850DF}.Release|iPhone.Deploy.0 = Release|Any CPU
		{D09D6B4F-7A5C-499B-A7B7-0211C15850DF}.Release|iPhoneSimulator.ActiveCfg = Release|Any CPU
		{D09D6B4F-7A5C-499B-A7B7-0211C15850DF}.Release|iPhoneSimulator.Build.0 = Release|Any CPU
		{D09D6B4F-7A5C-499B-A7B7-0211C15850DF}.Release|iPhoneSimulator.Deploy.0 = Release|Any CPU
		{D09D6B4F-7A5C-499B-A7B7-0211C15850DF}.Release|x64.ActiveCfg = Release|Any CPU
		{D09D6B4F-7A5C-499B-A7B7-0211C15850DF}.Release|x64.Build.0 = Release|Any CPU
		{D09D6B4F-7A5C-499B-A7B7-0211C15850DF}.Release|x64.Deploy.0 = Release|Any CPU
		{D09D6B4F-7A5C-499B-A7B7-0211C15850DF}.Release|x86.ActiveCfg = Release|Any CPU
		{D09D6B4F-7A5C-499B-A7B7-0211C15850DF}.Release|x86.Build.0 = Release|Any CPU
		{D09D6B4F-7A5C-499B-A7B7-0211C15850DF}.Release|x86.Deploy.0 = Release|Any CPU
		{ED27C4E4-7026-4926-9628-04AB27EF765C}.Debug|Any CPU.ActiveCfg = Debug|Any CPU
		{ED27C4E4-7026-4926-9628-04AB27EF765C}.Debug|Any CPU.Build.0 = Debug|Any CPU
		{ED27C4E4-7026-4926-9628-04AB27EF765C}.Debug|iPhone.ActiveCfg = Debug|Any CPU
		{ED27C4E4-7026-4926-9628-04AB27EF765C}.Debug|iPhone.Build.0 = Debug|Any CPU
		{ED27C4E4-7026-4926-9628-04AB27EF765C}.Debug|iPhoneSimulator.ActiveCfg = Debug|Any CPU
		{ED27C4E4-7026-4926-9628-04AB27EF765C}.Debug|iPhoneSimulator.Build.0 = Debug|Any CPU
		{ED27C4E4-7026-4926-9628-04AB27EF765C}.Debug|x64.ActiveCfg = Debug|Any CPU
		{ED27C4E4-7026-4926-9628-04AB27EF765C}.Debug|x64.Build.0 = Debug|Any CPU
		{ED27C4E4-7026-4926-9628-04AB27EF765C}.Debug|x86.ActiveCfg = Debug|Any CPU
		{ED27C4E4-7026-4926-9628-04AB27EF765C}.Debug|x86.Build.0 = Debug|Any CPU
		{ED27C4E4-7026-4926-9628-04AB27EF765C}.Release|Any CPU.ActiveCfg = Release|Any CPU
		{ED27C4E4-7026-4926-9628-04AB27EF765C}.Release|Any CPU.Build.0 = Release|Any CPU
		{ED27C4E4-7026-4926-9628-04AB27EF765C}.Release|iPhone.ActiveCfg = Release|Any CPU
		{ED27C4E4-7026-4926-9628-04AB27EF765C}.Release|iPhone.Build.0 = Release|Any CPU
		{ED27C4E4-7026-4926-9628-04AB27EF765C}.Release|iPhoneSimulator.ActiveCfg = Release|Any CPU
		{ED27C4E4-7026-4926-9628-04AB27EF765C}.Release|iPhoneSimulator.Build.0 = Release|Any CPU
		{ED27C4E4-7026-4926-9628-04AB27EF765C}.Release|x64.ActiveCfg = Release|Any CPU
		{ED27C4E4-7026-4926-9628-04AB27EF765C}.Release|x64.Build.0 = Release|Any CPU
		{ED27C4E4-7026-4926-9628-04AB27EF765C}.Release|x86.ActiveCfg = Release|Any CPU
		{ED27C4E4-7026-4926-9628-04AB27EF765C}.Release|x86.Build.0 = Release|Any CPU
		{92D222DB-5D93-414C-B9FB-E161EFCDC97A}.Debug|Any CPU.ActiveCfg = Debug|Any CPU
		{92D222DB-5D93-414C-B9FB-E161EFCDC97A}.Debug|Any CPU.Build.0 = Debug|Any CPU
		{92D222DB-5D93-414C-B9FB-E161EFCDC97A}.Debug|iPhone.ActiveCfg = Debug|Any CPU
		{92D222DB-5D93-414C-B9FB-E161EFCDC97A}.Debug|iPhone.Build.0 = Debug|Any CPU
		{92D222DB-5D93-414C-B9FB-E161EFCDC97A}.Debug|iPhoneSimulator.ActiveCfg = Debug|Any CPU
		{92D222DB-5D93-414C-B9FB-E161EFCDC97A}.Debug|iPhoneSimulator.Build.0 = Debug|Any CPU
		{92D222DB-5D93-414C-B9FB-E161EFCDC97A}.Debug|x64.ActiveCfg = Debug|Any CPU
		{92D222DB-5D93-414C-B9FB-E161EFCDC97A}.Debug|x64.Build.0 = Debug|Any CPU
		{92D222DB-5D93-414C-B9FB-E161EFCDC97A}.Debug|x86.ActiveCfg = Debug|Any CPU
		{92D222DB-5D93-414C-B9FB-E161EFCDC97A}.Debug|x86.Build.0 = Debug|Any CPU
		{92D222DB-5D93-414C-B9FB-E161EFCDC97A}.Release|Any CPU.ActiveCfg = Release|Any CPU
		{92D222DB-5D93-414C-B9FB-E161EFCDC97A}.Release|Any CPU.Build.0 = Release|Any CPU
		{92D222DB-5D93-414C-B9FB-E161EFCDC97A}.Release|iPhone.ActiveCfg = Release|Any CPU
		{92D222DB-5D93-414C-B9FB-E161EFCDC97A}.Release|iPhone.Build.0 = Release|Any CPU
		{92D222DB-5D93-414C-B9FB-E161EFCDC97A}.Release|iPhoneSimulator.ActiveCfg = Release|Any CPU
		{92D222DB-5D93-414C-B9FB-E161EFCDC97A}.Release|iPhoneSimulator.Build.0 = Release|Any CPU
		{92D222DB-5D93-414C-B9FB-E161EFCDC97A}.Release|x64.ActiveCfg = Release|Any CPU
		{92D222DB-5D93-414C-B9FB-E161EFCDC97A}.Release|x64.Build.0 = Release|Any CPU
		{92D222DB-5D93-414C-B9FB-E161EFCDC97A}.Release|x86.ActiveCfg = Release|Any CPU
		{92D222DB-5D93-414C-B9FB-E161EFCDC97A}.Release|x86.Build.0 = Release|Any CPU
		{C5606BA1-E1BB-4D5A-9161-233B455CC289}.Debug|Any CPU.ActiveCfg = Debug|Any CPU
		{C5606BA1-E1BB-4D5A-9161-233B455CC289}.Debug|Any CPU.Build.0 = Debug|Any CPU
		{C5606BA1-E1BB-4D5A-9161-233B455CC289}.Debug|iPhone.ActiveCfg = Debug|Any CPU
		{C5606BA1-E1BB-4D5A-9161-233B455CC289}.Debug|iPhone.Build.0 = Debug|Any CPU
		{C5606BA1-E1BB-4D5A-9161-233B455CC289}.Debug|iPhoneSimulator.ActiveCfg = Debug|Any CPU
		{C5606BA1-E1BB-4D5A-9161-233B455CC289}.Debug|iPhoneSimulator.Build.0 = Debug|Any CPU
		{C5606BA1-E1BB-4D5A-9161-233B455CC289}.Debug|x64.ActiveCfg = Debug|Any CPU
		{C5606BA1-E1BB-4D5A-9161-233B455CC289}.Debug|x64.Build.0 = Debug|Any CPU
		{C5606BA1-E1BB-4D5A-9161-233B455CC289}.Debug|x86.ActiveCfg = Debug|Any CPU
		{C5606BA1-E1BB-4D5A-9161-233B455CC289}.Debug|x86.Build.0 = Debug|Any CPU
		{C5606BA1-E1BB-4D5A-9161-233B455CC289}.Release|Any CPU.ActiveCfg = Release|Any CPU
		{C5606BA1-E1BB-4D5A-9161-233B455CC289}.Release|Any CPU.Build.0 = Release|Any CPU
		{C5606BA1-E1BB-4D5A-9161-233B455CC289}.Release|iPhone.ActiveCfg = Release|Any CPU
		{C5606BA1-E1BB-4D5A-9161-233B455CC289}.Release|iPhone.Build.0 = Release|Any CPU
		{C5606BA1-E1BB-4D5A-9161-233B455CC289}.Release|iPhoneSimulator.ActiveCfg = Release|Any CPU
		{C5606BA1-E1BB-4D5A-9161-233B455CC289}.Release|iPhoneSimulator.Build.0 = Release|Any CPU
		{C5606BA1-E1BB-4D5A-9161-233B455CC289}.Release|x64.ActiveCfg = Release|Any CPU
		{C5606BA1-E1BB-4D5A-9161-233B455CC289}.Release|x64.Build.0 = Release|Any CPU
		{C5606BA1-E1BB-4D5A-9161-233B455CC289}.Release|x86.ActiveCfg = Release|Any CPU
		{C5606BA1-E1BB-4D5A-9161-233B455CC289}.Release|x86.Build.0 = Release|Any CPU
	EndGlobalSection
	GlobalSection(SolutionProperties) = preSolution
		HideSolutionNode = FALSE
	EndGlobalSection
	GlobalSection(NestedProjects) = preSolution
		{4B1142DA-6206-40A8-A1A7-C9C9859E565D} = {77B6C2FF-5CC7-4150-A584-7A8268221D26}
		{B38B55A9-9959-44AE-9C63-814B521E2843} = {77B6C2FF-5CC7-4150-A584-7A8268221D26}
		{B1FCDECD-6273-458C-B661-1EAAF3CE6465} = {77B6C2FF-5CC7-4150-A584-7A8268221D26}
		{4D8DAD00-E60B-42F3-BD14-06C870DFDB2C} = {05C3142A-6BB0-4EFD-88A9-2F85FE1CDD2D}
		{D488BA30-9D7B-42F4-BCA3-3962352ACDFF} = {05C3142A-6BB0-4EFD-88A9-2F85FE1CDD2D}
		{5D773567-BE8A-44E5-A5FD-81F5FABB78F0} = {FCF98376-A6B4-4AB1-A194-1673CBE7E641}
		{0B554DDC-6ED5-4BC7-98BD-3372953606DC} = {FCF98376-A6B4-4AB1-A194-1673CBE7E641}
		{9D6D07AB-7461-4E57-B903-4D79B35BFD1D} = {64B6FBEE-B0D1-4345-AD10-08B1D2541E4B}
		{AD665271-7A43-486B-8A17-2E0A5C428CE6} = {09760E9F-C182-43C8-AE03-F5FFA7FFCC1A}
		{5BB99328-0247-4485-93C8-C288AA6C4C74} = {09760E9F-C182-43C8-AE03-F5FFA7FFCC1A}
		{994BBDEF-42C8-4A97-93FB-FB2F89285111} = {64B6FBEE-B0D1-4345-AD10-08B1D2541E4B}
		{1F9B70A2-8BE7-459F-9445-14EC44C0FF7D} = {09760E9F-C182-43C8-AE03-F5FFA7FFCC1A}
		{A58CB13D-435E-485E-AAC9-52A88BEA6F09} = {64B6FBEE-B0D1-4345-AD10-08B1D2541E4B}
		{D09D6B4F-7A5C-499B-A7B7-0211C15850DF} = {BB799034-888C-4384-BA56-AC9240F93260}
		{ED27C4E4-7026-4926-9628-04AB27EF765C} = {64B6FBEE-B0D1-4345-AD10-08B1D2541E4B}
		{92D222DB-5D93-414C-B9FB-E161EFCDC97A} = {BB799034-888C-4384-BA56-AC9240F93260}
		{C5606BA1-E1BB-4D5A-9161-233B455CC289} = {05C3142A-6BB0-4EFD-88A9-2F85FE1CDD2D}
		{BB799034-888C-4384-BA56-AC9240F93260} = {FCF98376-A6B4-4AB1-A194-1673CBE7E641}
	EndGlobalSection
	GlobalSection(ExtensibilityGlobals) = postSolution
		SolutionGuid = {50127FD6-7CDB-47E4-AA15-B5E5503B7B81}
	EndGlobalSection
EndGlobal
