
Microsoft Visual Studio Solution File, Format Version 12.00
# Visual Studio Version 16
VisualStudioVersion = 16.0.29905.134
MinimumVisualStudioVersion = 15.0.26124.0
Project("{FAE04EC0-301F-11D3-BF4B-00C04F79EFBC}") = "Socially.MobileApps.Android", "Socially.MobileApps\Socially.MobileApps.Android\Socially.MobileApps.Android.csproj", "{A8E4871A-5996-489D-A63C-08CECC1C4C2A}"
EndProject
Project("{FAE04EC0-301F-11D3-BF4B-00C04F79EFBC}") = "Socially.MobileApps.iOS", "Socially.MobileApps\Socially.MobileApps.iOS\Socially.MobileApps.iOS.csproj", "{ADD01D7B-0390-4060-A769-A3C7E69E2EC7}"
EndProject
Project("{9A19103F-16F7-4668-BE54-9A1E7A4F7556}") = "Socially.MobileApps", "Socially.MobileApps\Socially.MobileApps\Socially.MobileApps.csproj", "{6AB75A62-EBB3-4A2A-AFD9-74D408FC2A89}"
EndProject
Project("{9A19103F-16F7-4668-BE54-9A1E7A4F7556}") = "Socially.Core", "Socially.Core\Socially.Core.csproj", "{59DA3B84-8A2D-49AD-B362-B56679A8CA63}"
EndProject
Project("{9A19103F-16F7-4668-BE54-9A1E7A4F7556}") = "Socially.Server.DataAccess", "Socially.Server.DataAccess\Socially.Server.DataAccess.csproj", "{4B1142DA-6206-40A8-A1A7-C9C9859E565D}"
EndProject
Project("{9A19103F-16F7-4668-BE54-9A1E7A4F7556}") = "Socially.WebAPI", "Socially.WebAPI\Socially.WebAPI.csproj", "{B38B55A9-9959-44AE-9C63-814B521E2843}"
EndProject
Project("{9A19103F-16F7-4668-BE54-9A1E7A4F7556}") = "Socially.Server.Managers", "Socially.Server.Managers\Socially.Server.Managers.csproj", "{B1FCDECD-6273-458C-B661-1EAAF3CE6465}"
EndProject
Project("{2150E333-8FDC-42A3-9474-1A3956D46DE8}") = "Mobile", "Mobile", "{847180D1-A71D-4B43-91B0-25B659287DC3}"
EndProject
Project("{2150E333-8FDC-42A3-9474-1A3956D46DE8}") = "Server", "Server", "{77B6C2FF-5CC7-4150-A584-7A8268221D26}"
EndProject
Project("{9A19103F-16F7-4668-BE54-9A1E7A4F7556}") = "Socially.Server.Managers.Tests", "Socially.Server.Managers.Tests\Socially.Server.Managers.Tests.csproj", "{4D8DAD00-E60B-42F3-BD14-06C870DFDB2C}"
EndProject
Project("{2150E333-8FDC-42A3-9474-1A3956D46DE8}") = "Tests", "Tests", "{05C3142A-6BB0-4EFD-88A9-2F85FE1CDD2D}"
EndProject
Project("{9A19103F-16F7-4668-BE54-9A1E7A4F7556}") = "Socially.Server.Services", "Socially.Server.Services\Socially.Server.Services.csproj", "{05EF0282-E903-4008-9CC5-0FAE94DE70AC}"
EndProject
Project("{2150E333-8FDC-42A3-9474-1A3956D46DE8}") = "Solution Items", "Solution Items", "{BECD41A5-5B09-4830-8709-642F2E58CB4F}"
	ProjectSection(SolutionItems) = preProject
		nuget.config = nuget.config
	EndProjectSection
EndProject
Project("{9A19103F-16F7-4668-BE54-9A1E7A4F7556}") = "Socially.WebAPI.IntegrationTests", "Socially.WebAPI.IntegrationTests\Socially.WebAPI.IntegrationTests.csproj", "{D488BA30-9D7B-42F4-BCA3-3962352ACDFF}"
EndProject
Project("{9A19103F-16F7-4668-BE54-9A1E7A4F7556}") = "Socially.MobileApps.Services", "Socially.MobileApps.Services\Socially.MobileApps.Services.csproj", "{5D7C719D-747D-473B-AE6D-5541AABE0838}"
EndProject
Project("{9A19103F-16F7-4668-BE54-9A1E7A4F7556}") = "Xamarin.FluentInjector", "..\..\..\nugets\Xamarin.FluentInjector\src\Xamarin.FluentInjector\Xamarin.FluentInjector.csproj", "{7683332F-86A0-4D7B-ACA2-1803DC995785}"
EndProject
Global
	GlobalSection(SolutionConfigurationPlatforms) = preSolution
		Debug|Any CPU = Debug|Any CPU
		Debug|iPhone = Debug|iPhone
		Debug|iPhoneSimulator = Debug|iPhoneSimulator
		Debug|x64 = Debug|x64
		Debug|x86 = Debug|x86
		Release|Any CPU = Release|Any CPU
		Release|iPhone = Release|iPhone
		Release|iPhoneSimulator = Release|iPhoneSimulator
		Release|x64 = Release|x64
		Release|x86 = Release|x86
	EndGlobalSection
	GlobalSection(ProjectConfigurationPlatforms) = postSolution
		{A8E4871A-5996-489D-A63C-08CECC1C4C2A}.Debug|Any CPU.ActiveCfg = Debug|Any CPU
		{A8E4871A-5996-489D-A63C-08CECC1C4C2A}.Debug|Any CPU.Build.0 = Debug|Any CPU
		{A8E4871A-5996-489D-A63C-08CECC1C4C2A}.Debug|Any CPU.Deploy.0 = Debug|Any CPU
		{A8E4871A-5996-489D-A63C-08CECC1C4C2A}.Debug|iPhone.ActiveCfg = Debug|Any CPU
		{A8E4871A-5996-489D-A63C-08CECC1C4C2A}.Debug|iPhone.Build.0 = Debug|Any CPU
		{A8E4871A-5996-489D-A63C-08CECC1C4C2A}.Debug|iPhone.Deploy.0 = Debug|Any CPU
		{A8E4871A-5996-489D-A63C-08CECC1C4C2A}.Debug|iPhoneSimulator.ActiveCfg = Debug|Any CPU
		{A8E4871A-5996-489D-A63C-08CECC1C4C2A}.Debug|iPhoneSimulator.Build.0 = Debug|Any CPU
		{A8E4871A-5996-489D-A63C-08CECC1C4C2A}.Debug|iPhoneSimulator.Deploy.0 = Debug|Any CPU
		{A8E4871A-5996-489D-A63C-08CECC1C4C2A}.Debug|x64.ActiveCfg = Debug|Any CPU
		{A8E4871A-5996-489D-A63C-08CECC1C4C2A}.Debug|x64.Build.0 = Debug|Any CPU
		{A8E4871A-5996-489D-A63C-08CECC1C4C2A}.Debug|x64.Deploy.0 = Debug|Any CPU
		{A8E4871A-5996-489D-A63C-08CECC1C4C2A}.Debug|x86.ActiveCfg = Debug|Any CPU
		{A8E4871A-5996-489D-A63C-08CECC1C4C2A}.Debug|x86.Build.0 = Debug|Any CPU
		{A8E4871A-5996-489D-A63C-08CECC1C4C2A}.Debug|x86.Deploy.0 = Debug|Any CPU
		{A8E4871A-5996-489D-A63C-08CECC1C4C2A}.Release|Any CPU.ActiveCfg = Release|Any CPU
		{A8E4871A-5996-489D-A63C-08CECC1C4C2A}.Release|Any CPU.Build.0 = Release|Any CPU
		{A8E4871A-5996-489D-A63C-08CECC1C4C2A}.Release|Any CPU.Deploy.0 = Release|Any CPU
		{A8E4871A-5996-489D-A63C-08CECC1C4C2A}.Release|iPhone.ActiveCfg = Release|Any CPU
		{A8E4871A-5996-489D-A63C-08CECC1C4C2A}.Release|iPhone.Build.0 = Release|Any CPU
		{A8E4871A-5996-489D-A63C-08CECC1C4C2A}.Release|iPhone.Deploy.0 = Release|Any CPU
		{A8E4871A-5996-489D-A63C-08CECC1C4C2A}.Release|iPhoneSimulator.ActiveCfg = Release|Any CPU
		{A8E4871A-5996-489D-A63C-08CECC1C4C2A}.Release|iPhoneSimulator.Build.0 = Release|Any CPU
		{A8E4871A-5996-489D-A63C-08CECC1C4C2A}.Release|iPhoneSimulator.Deploy.0 = Release|Any CPU
		{A8E4871A-5996-489D-A63C-08CECC1C4C2A}.Release|x64.ActiveCfg = Release|Any CPU
		{A8E4871A-5996-489D-A63C-08CECC1C4C2A}.Release|x64.Build.0 = Release|Any CPU
		{A8E4871A-5996-489D-A63C-08CECC1C4C2A}.Release|x64.Deploy.0 = Release|Any CPU
		{A8E4871A-5996-489D-A63C-08CECC1C4C2A}.Release|x86.ActiveCfg = Release|Any CPU
		{A8E4871A-5996-489D-A63C-08CECC1C4C2A}.Release|x86.Build.0 = Release|Any CPU
		{A8E4871A-5996-489D-A63C-08CECC1C4C2A}.Release|x86.Deploy.0 = Release|Any CPU
		{ADD01D7B-0390-4060-A769-A3C7E69E2EC7}.Debug|Any CPU.ActiveCfg = Debug|iPhone
		{ADD01D7B-0390-4060-A769-A3C7E69E2EC7}.Debug|iPhone.ActiveCfg = Debug|iPhone
		{ADD01D7B-0390-4060-A769-A3C7E69E2EC7}.Debug|iPhone.Build.0 = Debug|iPhone
		{ADD01D7B-0390-4060-A769-A3C7E69E2EC7}.Debug|iPhoneSimulator.ActiveCfg = Debug|iPhoneSimulator
		{ADD01D7B-0390-4060-A769-A3C7E69E2EC7}.Debug|iPhoneSimulator.Build.0 = Debug|iPhoneSimulator
		{ADD01D7B-0390-4060-A769-A3C7E69E2EC7}.Debug|x64.ActiveCfg = Debug|iPhone
		{ADD01D7B-0390-4060-A769-A3C7E69E2EC7}.Debug|x86.ActiveCfg = Debug|iPhone
		{ADD01D7B-0390-4060-A769-A3C7E69E2EC7}.Release|Any CPU.ActiveCfg = Release|iPhone
		{ADD01D7B-0390-4060-A769-A3C7E69E2EC7}.Release|iPhone.ActiveCfg = Release|iPhone
		{ADD01D7B-0390-4060-A769-A3C7E69E2EC7}.Release|iPhone.Build.0 = Release|iPhone
		{ADD01D7B-0390-4060-A769-A3C7E69E2EC7}.Release|iPhoneSimulator.ActiveCfg = Release|iPhoneSimulator
		{ADD01D7B-0390-4060-A769-A3C7E69E2EC7}.Release|iPhoneSimulator.Build.0 = Release|iPhoneSimulator
		{ADD01D7B-0390-4060-A769-A3C7E69E2EC7}.Release|x64.ActiveCfg = Release|iPhone
		{ADD01D7B-0390-4060-A769-A3C7E69E2EC7}.Release|x86.ActiveCfg = Release|iPhone
		{6AB75A62-EBB3-4A2A-AFD9-74D408FC2A89}.Debug|Any CPU.ActiveCfg = Debug|Any CPU
		{6AB75A62-EBB3-4A2A-AFD9-74D408FC2A89}.Debug|Any CPU.Build.0 = Debug|Any CPU
		{6AB75A62-EBB3-4A2A-AFD9-74D408FC2A89}.Debug|iPhone.ActiveCfg = Debug|Any CPU
		{6AB75A62-EBB3-4A2A-AFD9-74D408FC2A89}.Debug|iPhone.Build.0 = Debug|Any CPU
		{6AB75A62-EBB3-4A2A-AFD9-74D408FC2A89}.Debug|iPhoneSimulator.ActiveCfg = Debug|Any CPU
		{6AB75A62-EBB3-4A2A-AFD9-74D408FC2A89}.Debug|iPhoneSimulator.Build.0 = Debug|Any CPU
		{6AB75A62-EBB3-4A2A-AFD9-74D408FC2A89}.Debug|x64.ActiveCfg = Debug|Any CPU
		{6AB75A62-EBB3-4A2A-AFD9-74D408FC2A89}.Debug|x64.Build.0 = Debug|Any CPU
		{6AB75A62-EBB3-4A2A-AFD9-74D408FC2A89}.Debug|x86.ActiveCfg = Debug|Any CPU
		{6AB75A62-EBB3-4A2A-AFD9-74D408FC2A89}.Debug|x86.Build.0 = Debug|Any CPU
		{6AB75A62-EBB3-4A2A-AFD9-74D408FC2A89}.Release|Any CPU.ActiveCfg = Release|Any CPU
		{6AB75A62-EBB3-4A2A-AFD9-74D408FC2A89}.Release|Any CPU.Build.0 = Release|Any CPU
		{6AB75A62-EBB3-4A2A-AFD9-74D408FC2A89}.Release|iPhone.ActiveCfg = Release|Any CPU
		{6AB75A62-EBB3-4A2A-AFD9-74D408FC2A89}.Release|iPhone.Build.0 = Release|Any CPU
		{6AB75A62-EBB3-4A2A-AFD9-74D408FC2A89}.Release|iPhoneSimulator.ActiveCfg = Release|Any CPU
		{6AB75A62-EBB3-4A2A-AFD9-74D408FC2A89}.Release|iPhoneSimulator.Build.0 = Release|Any CPU
		{6AB75A62-EBB3-4A2A-AFD9-74D408FC2A89}.Release|x64.ActiveCfg = Release|Any CPU
		{6AB75A62-EBB3-4A2A-AFD9-74D408FC2A89}.Release|x64.Build.0 = Release|Any CPU
		{6AB75A62-EBB3-4A2A-AFD9-74D408FC2A89}.Release|x86.ActiveCfg = Release|Any CPU
		{6AB75A62-EBB3-4A2A-AFD9-74D408FC2A89}.Release|x86.Build.0 = Release|Any CPU
		{59DA3B84-8A2D-49AD-B362-B56679A8CA63}.Debug|Any CPU.ActiveCfg = Debug|Any CPU
		{59DA3B84-8A2D-49AD-B362-B56679A8CA63}.Debug|Any CPU.Build.0 = Debug|Any CPU
		{59DA3B84-8A2D-49AD-B362-B56679A8CA63}.Debug|iPhone.ActiveCfg = Debug|Any CPU
		{59DA3B84-8A2D-49AD-B362-B56679A8CA63}.Debug|iPhone.Build.0 = Debug|Any CPU
		{59DA3B84-8A2D-49AD-B362-B56679A8CA63}.Debug|iPhoneSimulator.ActiveCfg = Debug|Any CPU
		{59DA3B84-8A2D-49AD-B362-B56679A8CA63}.Debug|iPhoneSimulator.Build.0 = Debug|Any CPU
		{59DA3B84-8A2D-49AD-B362-B56679A8CA63}.Debug|x64.ActiveCfg = Debug|Any CPU
		{59DA3B84-8A2D-49AD-B362-B56679A8CA63}.Debug|x64.Build.0 = Debug|Any CPU
		{59DA3B84-8A2D-49AD-B362-B56679A8CA63}.Debug|x86.ActiveCfg = Debug|Any CPU
		{59DA3B84-8A2D-49AD-B362-B56679A8CA63}.Debug|x86.Build.0 = Debug|Any CPU
		{59DA3B84-8A2D-49AD-B362-B56679A8CA63}.Release|Any CPU.ActiveCfg = Release|Any CPU
		{59DA3B84-8A2D-49AD-B362-B56679A8CA63}.Release|Any CPU.Build.0 = Release|Any CPU
		{59DA3B84-8A2D-49AD-B362-B56679A8CA63}.Release|iPhone.ActiveCfg = Release|Any CPU
		{59DA3B84-8A2D-49AD-B362-B56679A8CA63}.Release|iPhone.Build.0 = Release|Any CPU
		{59DA3B84-8A2D-49AD-B362-B56679A8CA63}.Release|iPhoneSimulator.ActiveCfg = Release|Any CPU
		{59DA3B84-8A2D-49AD-B362-B56679A8CA63}.Release|iPhoneSimulator.Build.0 = Release|Any CPU
		{59DA3B84-8A2D-49AD-B362-B56679A8CA63}.Release|x64.ActiveCfg = Release|Any CPU
		{59DA3B84-8A2D-49AD-B362-B56679A8CA63}.Release|x64.Build.0 = Release|Any CPU
		{59DA3B84-8A2D-49AD-B362-B56679A8CA63}.Release|x86.ActiveCfg = Release|Any CPU
		{59DA3B84-8A2D-49AD-B362-B56679A8CA63}.Release|x86.Build.0 = Release|Any CPU
		{4B1142DA-6206-40A8-A1A7-C9C9859E565D}.Debug|Any CPU.ActiveCfg = Debug|Any CPU
		{4B1142DA-6206-40A8-A1A7-C9C9859E565D}.Debug|Any CPU.Build.0 = Debug|Any CPU
		{4B1142DA-6206-40A8-A1A7-C9C9859E565D}.Debug|iPhone.ActiveCfg = Debug|Any CPU
		{4B1142DA-6206-40A8-A1A7-C9C9859E565D}.Debug|iPhone.Build.0 = Debug|Any CPU
		{4B1142DA-6206-40A8-A1A7-C9C9859E565D}.Debug|iPhoneSimulator.ActiveCfg = Debug|Any CPU
		{4B1142DA-6206-40A8-A1A7-C9C9859E565D}.Debug|iPhoneSimulator.Build.0 = Debug|Any CPU
		{4B1142DA-6206-40A8-A1A7-C9C9859E565D}.Debug|x64.ActiveCfg = Debug|Any CPU
		{4B1142DA-6206-40A8-A1A7-C9C9859E565D}.Debug|x64.Build.0 = Debug|Any CPU
		{4B1142DA-6206-40A8-A1A7-C9C9859E565D}.Debug|x86.ActiveCfg = Debug|Any CPU
		{4B1142DA-6206-40A8-A1A7-C9C9859E565D}.Debug|x86.Build.0 = Debug|Any CPU
		{4B1142DA-6206-40A8-A1A7-C9C9859E565D}.Release|Any CPU.ActiveCfg = Release|Any CPU
		{4B1142DA-6206-40A8-A1A7-C9C9859E565D}.Release|Any CPU.Build.0 = Release|Any CPU
		{4B1142DA-6206-40A8-A1A7-C9C9859E565D}.Release|iPhone.ActiveCfg = Release|Any CPU
		{4B1142DA-6206-40A8-A1A7-C9C9859E565D}.Release|iPhone.Build.0 = Release|Any CPU
		{4B1142DA-6206-40A8-A1A7-C9C9859E565D}.Release|iPhoneSimulator.ActiveCfg = Release|Any CPU
		{4B1142DA-6206-40A8-A1A7-C9C9859E565D}.Release|iPhoneSimulator.Build.0 = Release|Any CPU
		{4B1142DA-6206-40A8-A1A7-C9C9859E565D}.Release|x64.ActiveCfg = Release|Any CPU
		{4B1142DA-6206-40A8-A1A7-C9C9859E565D}.Release|x64.Build.0 = Release|Any CPU
		{4B1142DA-6206-40A8-A1A7-C9C9859E565D}.Release|x86.ActiveCfg = Release|Any CPU
		{4B1142DA-6206-40A8-A1A7-C9C9859E565D}.Release|x86.Build.0 = Release|Any CPU
		{B38B55A9-9959-44AE-9C63-814B521E2843}.Debug|Any CPU.ActiveCfg = Debug|Any CPU
		{B38B55A9-9959-44AE-9C63-814B521E2843}.Debug|Any CPU.Build.0 = Debug|Any CPU
		{B38B55A9-9959-44AE-9C63-814B521E2843}.Debug|iPhone.ActiveCfg = Debug|Any CPU
		{B38B55A9-9959-44AE-9C63-814B521E2843}.Debug|iPhone.Build.0 = Debug|Any CPU
		{B38B55A9-9959-44AE-9C63-814B521E2843}.Debug|iPhoneSimulator.ActiveCfg = Debug|Any CPU
		{B38B55A9-9959-44AE-9C63-814B521E2843}.Debug|iPhoneSimulator.Build.0 = Debug|Any CPU
		{B38B55A9-9959-44AE-9C63-814B521E2843}.Debug|x64.ActiveCfg = Debug|Any CPU
		{B38B55A9-9959-44AE-9C63-814B521E2843}.Debug|x64.Build.0 = Debug|Any CPU
		{B38B55A9-9959-44AE-9C63-814B521E2843}.Debug|x86.ActiveCfg = Debug|Any CPU
		{B38B55A9-9959-44AE-9C63-814B521E2843}.Debug|x86.Build.0 = Debug|Any CPU
		{B38B55A9-9959-44AE-9C63-814B521E2843}.Release|Any CPU.ActiveCfg = Release|Any CPU
		{B38B55A9-9959-44AE-9C63-814B521E2843}.Release|Any CPU.Build.0 = Release|Any CPU
		{B38B55A9-9959-44AE-9C63-814B521E2843}.Release|iPhone.ActiveCfg = Release|Any CPU
		{B38B55A9-9959-44AE-9C63-814B521E2843}.Release|iPhone.Build.0 = Release|Any CPU
		{B38B55A9-9959-44AE-9C63-814B521E2843}.Release|iPhoneSimulator.ActiveCfg = Release|Any CPU
		{B38B55A9-9959-44AE-9C63-814B521E2843}.Release|iPhoneSimulator.Build.0 = Release|Any CPU
		{B38B55A9-9959-44AE-9C63-814B521E2843}.Release|x64.ActiveCfg = Release|Any CPU
		{B38B55A9-9959-44AE-9C63-814B521E2843}.Release|x64.Build.0 = Release|Any CPU
		{B38B55A9-9959-44AE-9C63-814B521E2843}.Release|x86.ActiveCfg = Release|Any CPU
		{B38B55A9-9959-44AE-9C63-814B521E2843}.Release|x86.Build.0 = Release|Any CPU
		{B1FCDECD-6273-458C-B661-1EAAF3CE6465}.Debug|Any CPU.ActiveCfg = Debug|Any CPU
		{B1FCDECD-6273-458C-B661-1EAAF3CE6465}.Debug|Any CPU.Build.0 = Debug|Any CPU
		{B1FCDECD-6273-458C-B661-1EAAF3CE6465}.Debug|iPhone.ActiveCfg = Debug|Any CPU
		{B1FCDECD-6273-458C-B661-1EAAF3CE6465}.Debug|iPhone.Build.0 = Debug|Any CPU
		{B1FCDECD-6273-458C-B661-1EAAF3CE6465}.Debug|iPhoneSimulator.ActiveCfg = Debug|Any CPU
		{B1FCDECD-6273-458C-B661-1EAAF3CE6465}.Debug|iPhoneSimulator.Build.0 = Debug|Any CPU
		{B1FCDECD-6273-458C-B661-1EAAF3CE6465}.Debug|x64.ActiveCfg = Debug|Any CPU
		{B1FCDECD-6273-458C-B661-1EAAF3CE6465}.Debug|x64.Build.0 = Debug|Any CPU
		{B1FCDECD-6273-458C-B661-1EAAF3CE6465}.Debug|x86.ActiveCfg = Debug|Any CPU
		{B1FCDECD-6273-458C-B661-1EAAF3CE6465}.Debug|x86.Build.0 = Debug|Any CPU
		{B1FCDECD-6273-458C-B661-1EAAF3CE6465}.Release|Any CPU.ActiveCfg = Release|Any CPU
		{B1FCDECD-6273-458C-B661-1EAAF3CE6465}.Release|Any CPU.Build.0 = Release|Any CPU
		{B1FCDECD-6273-458C-B661-1EAAF3CE6465}.Release|iPhone.ActiveCfg = Release|Any CPU
		{B1FCDECD-6273-458C-B661-1EAAF3CE6465}.Release|iPhone.Build.0 = Release|Any CPU
		{B1FCDECD-6273-458C-B661-1EAAF3CE6465}.Release|iPhoneSimulator.ActiveCfg = Release|Any CPU
		{B1FCDECD-6273-458C-B661-1EAAF3CE6465}.Release|iPhoneSimulator.Build.0 = Release|Any CPU
		{B1FCDECD-6273-458C-B661-1EAAF3CE6465}.Release|x64.ActiveCfg = Release|Any CPU
		{B1FCDECD-6273-458C-B661-1EAAF3CE6465}.Release|x64.Build.0 = Release|Any CPU
		{B1FCDECD-6273-458C-B661-1EAAF3CE6465}.Release|x86.ActiveCfg = Release|Any CPU
		{B1FCDECD-6273-458C-B661-1EAAF3CE6465}.Release|x86.Build.0 = Release|Any CPU
		{4D8DAD00-E60B-42F3-BD14-06C870DFDB2C}.Debug|Any CPU.ActiveCfg = Debug|Any CPU
		{4D8DAD00-E60B-42F3-BD14-06C870DFDB2C}.Debug|Any CPU.Build.0 = Debug|Any CPU
		{4D8DAD00-E60B-42F3-BD14-06C870DFDB2C}.Debug|iPhone.ActiveCfg = Debug|Any CPU
		{4D8DAD00-E60B-42F3-BD14-06C870DFDB2C}.Debug|iPhone.Build.0 = Debug|Any CPU
		{4D8DAD00-E60B-42F3-BD14-06C870DFDB2C}.Debug|iPhoneSimulator.ActiveCfg = Debug|Any CPU
		{4D8DAD00-E60B-42F3-BD14-06C870DFDB2C}.Debug|iPhoneSimulator.Build.0 = Debug|Any CPU
		{4D8DAD00-E60B-42F3-BD14-06C870DFDB2C}.Debug|x64.ActiveCfg = Debug|Any CPU
		{4D8DAD00-E60B-42F3-BD14-06C870DFDB2C}.Debug|x64.Build.0 = Debug|Any CPU
		{4D8DAD00-E60B-42F3-BD14-06C870DFDB2C}.Debug|x86.ActiveCfg = Debug|Any CPU
		{4D8DAD00-E60B-42F3-BD14-06C870DFDB2C}.Debug|x86.Build.0 = Debug|Any CPU
		{4D8DAD00-E60B-42F3-BD14-06C870DFDB2C}.Release|Any CPU.ActiveCfg = Release|Any CPU
		{4D8DAD00-E60B-42F3-BD14-06C870DFDB2C}.Release|Any CPU.Build.0 = Release|Any CPU
		{4D8DAD00-E60B-42F3-BD14-06C870DFDB2C}.Release|iPhone.ActiveCfg = Release|Any CPU
		{4D8DAD00-E60B-42F3-BD14-06C870DFDB2C}.Release|iPhone.Build.0 = Release|Any CPU
		{4D8DAD00-E60B-42F3-BD14-06C870DFDB2C}.Release|iPhoneSimulator.ActiveCfg = Release|Any CPU
		{4D8DAD00-E60B-42F3-BD14-06C870DFDB2C}.Release|iPhoneSimulator.Build.0 = Release|Any CPU
		{4D8DAD00-E60B-42F3-BD14-06C870DFDB2C}.Release|x64.ActiveCfg = Release|Any CPU
		{4D8DAD00-E60B-42F3-BD14-06C870DFDB2C}.Release|x64.Build.0 = Release|Any CPU
		{4D8DAD00-E60B-42F3-BD14-06C870DFDB2C}.Release|x86.ActiveCfg = Release|Any CPU
		{4D8DAD00-E60B-42F3-BD14-06C870DFDB2C}.Release|x86.Build.0 = Release|Any CPU
		{05EF0282-E903-4008-9CC5-0FAE94DE70AC}.Debug|Any CPU.ActiveCfg = Debug|Any CPU
		{05EF0282-E903-4008-9CC5-0FAE94DE70AC}.Debug|Any CPU.Build.0 = Debug|Any CPU
		{05EF0282-E903-4008-9CC5-0FAE94DE70AC}.Debug|iPhone.ActiveCfg = Debug|Any CPU
		{05EF0282-E903-4008-9CC5-0FAE94DE70AC}.Debug|iPhone.Build.0 = Debug|Any CPU
		{05EF0282-E903-4008-9CC5-0FAE94DE70AC}.Debug|iPhoneSimulator.ActiveCfg = Debug|Any CPU
		{05EF0282-E903-4008-9CC5-0FAE94DE70AC}.Debug|iPhoneSimulator.Build.0 = Debug|Any CPU
		{05EF0282-E903-4008-9CC5-0FAE94DE70AC}.Debug|x64.ActiveCfg = Debug|Any CPU
		{05EF0282-E903-4008-9CC5-0FAE94DE70AC}.Debug|x64.Build.0 = Debug|Any CPU
		{05EF0282-E903-4008-9CC5-0FAE94DE70AC}.Debug|x86.ActiveCfg = Debug|Any CPU
		{05EF0282-E903-4008-9CC5-0FAE94DE70AC}.Debug|x86.Build.0 = Debug|Any CPU
		{05EF0282-E903-4008-9CC5-0FAE94DE70AC}.Release|Any CPU.ActiveCfg = Release|Any CPU
		{05EF0282-E903-4008-9CC5-0FAE94DE70AC}.Release|Any CPU.Build.0 = Release|Any CPU
		{05EF0282-E903-4008-9CC5-0FAE94DE70AC}.Release|iPhone.ActiveCfg = Release|Any CPU
		{05EF0282-E903-4008-9CC5-0FAE94DE70AC}.Release|iPhone.Build.0 = Release|Any CPU
		{05EF0282-E903-4008-9CC5-0FAE94DE70AC}.Release|iPhoneSimulator.ActiveCfg = Release|Any CPU
		{05EF0282-E903-4008-9CC5-0FAE94DE70AC}.Release|iPhoneSimulator.Build.0 = Release|Any CPU
		{05EF0282-E903-4008-9CC5-0FAE94DE70AC}.Release|x64.ActiveCfg = Release|Any CPU
		{05EF0282-E903-4008-9CC5-0FAE94DE70AC}.Release|x64.Build.0 = Release|Any CPU
		{05EF0282-E903-4008-9CC5-0FAE94DE70AC}.Release|x86.ActiveCfg = Release|Any CPU
		{05EF0282-E903-4008-9CC5-0FAE94DE70AC}.Release|x86.Build.0 = Release|Any CPU
		{D488BA30-9D7B-42F4-BCA3-3962352ACDFF}.Debug|Any CPU.ActiveCfg = Debug|Any CPU
		{D488BA30-9D7B-42F4-BCA3-3962352ACDFF}.Debug|Any CPU.Build.0 = Debug|Any CPU
		{D488BA30-9D7B-42F4-BCA3-3962352ACDFF}.Debug|iPhone.ActiveCfg = Debug|Any CPU
		{D488BA30-9D7B-42F4-BCA3-3962352ACDFF}.Debug|iPhone.Build.0 = Debug|Any CPU
		{D488BA30-9D7B-42F4-BCA3-3962352ACDFF}.Debug|iPhoneSimulator.ActiveCfg = Debug|Any CPU
		{D488BA30-9D7B-42F4-BCA3-3962352ACDFF}.Debug|iPhoneSimulator.Build.0 = Debug|Any CPU
		{D488BA30-9D7B-42F4-BCA3-3962352ACDFF}.Debug|x64.ActiveCfg = Debug|Any CPU
		{D488BA30-9D7B-42F4-BCA3-3962352ACDFF}.Debug|x64.Build.0 = Debug|Any CPU
		{D488BA30-9D7B-42F4-BCA3-3962352ACDFF}.Debug|x86.ActiveCfg = Debug|Any CPU
		{D488BA30-9D7B-42F4-BCA3-3962352ACDFF}.Debug|x86.Build.0 = Debug|Any CPU
		{D488BA30-9D7B-42F4-BCA3-3962352ACDFF}.Release|Any CPU.ActiveCfg = Release|Any CPU
		{D488BA30-9D7B-42F4-BCA3-3962352ACDFF}.Release|Any CPU.Build.0 = Release|Any CPU
		{D488BA30-9D7B-42F4-BCA3-3962352ACDFF}.Release|iPhone.ActiveCfg = Release|Any CPU
		{D488BA30-9D7B-42F4-BCA3-3962352ACDFF}.Release|iPhone.Build.0 = Release|Any CPU
		{D488BA30-9D7B-42F4-BCA3-3962352ACDFF}.Release|iPhoneSimulator.ActiveCfg = Release|Any CPU
		{D488BA30-9D7B-42F4-BCA3-3962352ACDFF}.Release|iPhoneSimulator.Build.0 = Release|Any CPU
		{D488BA30-9D7B-42F4-BCA3-3962352ACDFF}.Release|x64.ActiveCfg = Release|Any CPU
		{D488BA30-9D7B-42F4-BCA3-3962352ACDFF}.Release|x64.Build.0 = Release|Any CPU
		{D488BA30-9D7B-42F4-BCA3-3962352ACDFF}.Release|x86.ActiveCfg = Release|Any CPU
		{D488BA30-9D7B-42F4-BCA3-3962352ACDFF}.Release|x86.Build.0 = Release|Any CPU
		{5D7C719D-747D-473B-AE6D-5541AABE0838}.Debug|Any CPU.ActiveCfg = Debug|Any CPU
		{5D7C719D-747D-473B-AE6D-5541AABE0838}.Debug|Any CPU.Build.0 = Debug|Any CPU
		{5D7C719D-747D-473B-AE6D-5541AABE0838}.Debug|iPhone.ActiveCfg = Debug|Any CPU
		{5D7C719D-747D-473B-AE6D-5541AABE0838}.Debug|iPhone.Build.0 = Debug|Any CPU
		{5D7C719D-747D-473B-AE6D-5541AABE0838}.Debug|iPhoneSimulator.ActiveCfg = Debug|Any CPU
		{5D7C719D-747D-473B-AE6D-5541AABE0838}.Debug|iPhoneSimulator.Build.0 = Debug|Any CPU
		{5D7C719D-747D-473B-AE6D-5541AABE0838}.Debug|x64.ActiveCfg = Debug|Any CPU
		{5D7C719D-747D-473B-AE6D-5541AABE0838}.Debug|x64.Build.0 = Debug|Any CPU
		{5D7C719D-747D-473B-AE6D-5541AABE0838}.Debug|x86.ActiveCfg = Debug|Any CPU
		{5D7C719D-747D-473B-AE6D-5541AABE0838}.Debug|x86.Build.0 = Debug|Any CPU
		{5D7C719D-747D-473B-AE6D-5541AABE0838}.Release|Any CPU.ActiveCfg = Release|Any CPU
		{5D7C719D-747D-473B-AE6D-5541AABE0838}.Release|Any CPU.Build.0 = Release|Any CPU
		{5D7C719D-747D-473B-AE6D-5541AABE0838}.Release|iPhone.ActiveCfg = Release|Any CPU
		{5D7C719D-747D-473B-AE6D-5541AABE0838}.Release|iPhone.Build.0 = Release|Any CPU
		{5D7C719D-747D-473B-AE6D-5541AABE0838}.Release|iPhoneSimulator.ActiveCfg = Release|Any CPU
		{5D7C719D-747D-473B-AE6D-5541AABE0838}.Release|iPhoneSimulator.Build.0 = Release|Any CPU
		{5D7C719D-747D-473B-AE6D-5541AABE0838}.Release|x64.ActiveCfg = Release|Any CPU
		{5D7C719D-747D-473B-AE6D-5541AABE0838}.Release|x64.Build.0 = Release|Any CPU
		{5D7C719D-747D-473B-AE6D-5541AABE0838}.Release|x86.ActiveCfg = Release|Any CPU
		{5D7C719D-747D-473B-AE6D-5541AABE0838}.Release|x86.Build.0 = Release|Any CPU
		{7683332F-86A0-4D7B-ACA2-1803DC995785}.Debug|Any CPU.ActiveCfg = Debug|Any CPU
		{7683332F-86A0-4D7B-ACA2-1803DC995785}.Debug|Any CPU.Build.0 = Debug|Any CPU
		{7683332F-86A0-4D7B-ACA2-1803DC995785}.Debug|iPhone.ActiveCfg = Debug|Any CPU
		{7683332F-86A0-4D7B-ACA2-1803DC995785}.Debug|iPhone.Build.0 = Debug|Any CPU
		{7683332F-86A0-4D7B-ACA2-1803DC995785}.Debug|iPhoneSimulator.ActiveCfg = Debug|Any CPU
		{7683332F-86A0-4D7B-ACA2-1803DC995785}.Debug|iPhoneSimulator.Build.0 = Debug|Any CPU
		{7683332F-86A0-4D7B-ACA2-1803DC995785}.Debug|x64.ActiveCfg = Debug|Any CPU
		{7683332F-86A0-4D7B-ACA2-1803DC995785}.Debug|x64.Build.0 = Debug|Any CPU
		{7683332F-86A0-4D7B-ACA2-1803DC995785}.Debug|x86.ActiveCfg = Debug|Any CPU
		{7683332F-86A0-4D7B-ACA2-1803DC995785}.Debug|x86.Build.0 = Debug|Any CPU
		{7683332F-86A0-4D7B-ACA2-1803DC995785}.Release|Any CPU.ActiveCfg = Release|Any CPU
		{7683332F-86A0-4D7B-ACA2-1803DC995785}.Release|Any CPU.Build.0 = Release|Any CPU
		{7683332F-86A0-4D7B-ACA2-1803DC995785}.Release|iPhone.ActiveCfg = Release|Any CPU
		{7683332F-86A0-4D7B-ACA2-1803DC995785}.Release|iPhone.Build.0 = Release|Any CPU
		{7683332F-86A0-4D7B-ACA2-1803DC995785}.Release|iPhoneSimulator.ActiveCfg = Release|Any CPU
		{7683332F-86A0-4D7B-ACA2-1803DC995785}.Release|iPhoneSimulator.Build.0 = Release|Any CPU
		{7683332F-86A0-4D7B-ACA2-1803DC995785}.Release|x64.ActiveCfg = Release|Any CPU
		{7683332F-86A0-4D7B-ACA2-1803DC995785}.Release|x64.Build.0 = Release|Any CPU
		{7683332F-86A0-4D7B-ACA2-1803DC995785}.Release|x86.ActiveCfg = Release|Any CPU
		{7683332F-86A0-4D7B-ACA2-1803DC995785}.Release|x86.Build.0 = Release|Any CPU
	EndGlobalSection
	GlobalSection(SolutionProperties) = preSolution
		HideSolutionNode = FALSE
	EndGlobalSection
	GlobalSection(NestedProjects) = preSolution
		{A8E4871A-5996-489D-A63C-08CECC1C4C2A} = {847180D1-A71D-4B43-91B0-25B659287DC3}
		{ADD01D7B-0390-4060-A769-A3C7E69E2EC7} = {847180D1-A71D-4B43-91B0-25B659287DC3}
		{6AB75A62-EBB3-4A2A-AFD9-74D408FC2A89} = {847180D1-A71D-4B43-91B0-25B659287DC3}
		{4B1142DA-6206-40A8-A1A7-C9C9859E565D} = {77B6C2FF-5CC7-4150-A584-7A8268221D26}
		{B38B55A9-9959-44AE-9C63-814B521E2843} = {77B6C2FF-5CC7-4150-A584-7A8268221D26}
		{B1FCDECD-6273-458C-B661-1EAAF3CE6465} = {77B6C2FF-5CC7-4150-A584-7A8268221D26}
		{4D8DAD00-E60B-42F3-BD14-06C870DFDB2C} = {05C3142A-6BB0-4EFD-88A9-2F85FE1CDD2D}
		{05EF0282-E903-4008-9CC5-0FAE94DE70AC} = {77B6C2FF-5CC7-4150-A584-7A8268221D26}
		{D488BA30-9D7B-42F4-BCA3-3962352ACDFF} = {05C3142A-6BB0-4EFD-88A9-2F85FE1CDD2D}
		{5D7C719D-747D-473B-AE6D-5541AABE0838} = {847180D1-A71D-4B43-91B0-25B659287DC3}
		{7683332F-86A0-4D7B-ACA2-1803DC995785} = {847180D1-A71D-4B43-91B0-25B659287DC3}
	EndGlobalSection
	GlobalSection(ExtensibilityGlobals) = postSolution
		SolutionGuid = {50127FD6-7CDB-47E4-AA15-B5E5503B7B81}
	EndGlobalSection
EndGlobal
