
Microsoft Visual Studio Solution File, Format Version 12.00
# Visual Studio Version 16
VisualStudioVersion = 16.0.30320.27
MinimumVisualStudioVersion = 15.0.26124.0
Project("{FAE04EC0-301F-11D3-BF4B-00C04F79EFBC}") = "Socially.MobileApps.Android", "Socially.MobileApps\Socially.MobileApps.Android\Socially.MobileApps.Android.csproj", "{A8E4871A-5996-489D-A63C-08CECC1C4C2A}"
EndProject
Project("{2150E333-8FDC-42A3-9474-1A3956D46DE8}") = "Socially.MobileApps", "Socially.MobileApps", "{D7738983-70E8-4399-AFD9-76FA58AAEF2F}"
EndProject
Project("{9A19103F-16F7-4668-BE54-9A1E7A4F7556}") = "Socially.MobileApps", "Socially.MobileApps\Socially.MobileApps\Socially.MobileApps.csproj", "{53D6C90B-51D0-49A4-9984-8D791CAB097A}"
EndProject
Project("{9A19103F-16F7-4668-BE54-9A1E7A4F7556}") = "Socially.Core", "Socially.Core\Socially.Core.csproj", "{79FB30A4-B7F9-4B3F-B9DB-45C2F09A4275}"
EndProject
Project("{9A19103F-16F7-4668-BE54-9A1E7A4F7556}") = "Socially.MobileApps.Services", "Socially.MobileApps.Services\Socially.MobileApps.Services.csproj", "{D2CB7E1E-6BC7-4650-B0E3-6643BFF79FF1}"
EndProject
Project("{9A19103F-16F7-4668-BE54-9A1E7A4F7556}") = "Socially.MobileApps.ViewModels", "Socially.MobileApps.ViewModels\Socially.MobileApps.ViewModels.csproj", "{3D542ACD-B0D8-40D5-BD54-C41806455F9D}"
EndProject
Project("{9A19103F-16F7-4668-BE54-9A1E7A4F7556}") = "Socially.MobileApps.Models", "Socially.MobileApps.Models\Socially.MobileApps.Models.csproj", "{BCE2F813-54EA-4A40-86E7-CD8907ABAD73}"
EndProject
Project("{9A19103F-16F7-4668-BE54-9A1E7A4F7556}") = "Socially.MobileApps.Contracts", "Socially.MobileApps.Contracts\Socially.MobileApps.Contracts.csproj", "{BB46E057-BE37-4786-B361-8E8CCDAEB67E}"
EndProject
Project("{FAE04EC0-301F-11D3-BF4B-00C04F79EFBC}") = "Socially.MobileApps.iOS", "Socially.MobileApps\Socially.MobileApps.iOS\Socially.MobileApps.iOS.csproj", "{ADD01D7B-0390-4060-A769-A3C7E69E2EC7}"
EndProject
Global
	GlobalSection(SolutionConfigurationPlatforms) = preSolution
		Debug|Any CPU = Debug|Any CPU
		Debug|iPhone = Debug|iPhone
		Debug|iPhoneSimulator = Debug|iPhoneSimulator
		Debug|x64 = Debug|x64
		Debug|x86 = Debug|x86
		Release|Any CPU = Release|Any CPU
		Release|iPhone = Release|iPhone
		Release|iPhoneSimulator = Release|iPhoneSimulator
		Release|x64 = Release|x64
		Release|x86 = Release|x86
	EndGlobalSection
	GlobalSection(ProjectConfigurationPlatforms) = postSolution
		{A8E4871A-5996-489D-A63C-08CECC1C4C2A}.Debug|Any CPU.ActiveCfg = Debug|Any CPU
		{A8E4871A-5996-489D-A63C-08CECC1C4C2A}.Debug|Any CPU.Build.0 = Debug|Any CPU
		{A8E4871A-5996-489D-A63C-08CECC1C4C2A}.Debug|Any CPU.Deploy.0 = Debug|Any CPU
		{A8E4871A-5996-489D-A63C-08CECC1C4C2A}.Debug|iPhone.ActiveCfg = Debug|Any CPU
		{A8E4871A-5996-489D-A63C-08CECC1C4C2A}.Debug|iPhone.Build.0 = Debug|Any CPU
		{A8E4871A-5996-489D-A63C-08CECC1C4C2A}.Debug|iPhone.Deploy.0 = Debug|Any CPU
		{A8E4871A-5996-489D-A63C-08CECC1C4C2A}.Debug|iPhoneSimulator.ActiveCfg = Debug|Any CPU
		{A8E4871A-5996-489D-A63C-08CECC1C4C2A}.Debug|iPhoneSimulator.Build.0 = Debug|Any CPU
		{A8E4871A-5996-489D-A63C-08CECC1C4C2A}.Debug|iPhoneSimulator.Deploy.0 = Debug|Any CPU
		{A8E4871A-5996-489D-A63C-08CECC1C4C2A}.Debug|x64.ActiveCfg = Debug|Any CPU
		{A8E4871A-5996-489D-A63C-08CECC1C4C2A}.Debug|x64.Build.0 = Debug|Any CPU
		{A8E4871A-5996-489D-A63C-08CECC1C4C2A}.Debug|x64.Deploy.0 = Debug|Any CPU
		{A8E4871A-5996-489D-A63C-08CECC1C4C2A}.Debug|x86.ActiveCfg = Debug|Any CPU
		{A8E4871A-5996-489D-A63C-08CECC1C4C2A}.Debug|x86.Build.0 = Debug|Any CPU
		{A8E4871A-5996-489D-A63C-08CECC1C4C2A}.Debug|x86.Deploy.0 = Debug|Any CPU
		{A8E4871A-5996-489D-A63C-08CECC1C4C2A}.Release|Any CPU.ActiveCfg = Release|Any CPU
		{A8E4871A-5996-489D-A63C-08CECC1C4C2A}.Release|Any CPU.Build.0 = Release|Any CPU
		{A8E4871A-5996-489D-A63C-08CECC1C4C2A}.Release|Any CPU.Deploy.0 = Release|Any CPU
		{A8E4871A-5996-489D-A63C-08CECC1C4C2A}.Release|iPhone.ActiveCfg = Release|Any CPU
		{A8E4871A-5996-489D-A63C-08CECC1C4C2A}.Release|iPhone.Build.0 = Release|Any CPU
		{A8E4871A-5996-489D-A63C-08CECC1C4C2A}.Release|iPhone.Deploy.0 = Release|Any CPU
		{A8E4871A-5996-489D-A63C-08CECC1C4C2A}.Release|iPhoneSimulator.ActiveCfg = Release|Any CPU
		{A8E4871A-5996-489D-A63C-08CECC1C4C2A}.Release|iPhoneSimulator.Build.0 = Release|Any CPU
		{A8E4871A-5996-489D-A63C-08CECC1C4C2A}.Release|iPhoneSimulator.Deploy.0 = Release|Any CPU
		{A8E4871A-5996-489D-A63C-08CECC1C4C2A}.Release|x64.ActiveCfg = Release|Any CPU
		{A8E4871A-5996-489D-A63C-08CECC1C4C2A}.Release|x64.Build.0 = Release|Any CPU
		{A8E4871A-5996-489D-A63C-08CECC1C4C2A}.Release|x64.Deploy.0 = Release|Any CPU
		{A8E4871A-5996-489D-A63C-08CECC1C4C2A}.Release|x86.ActiveCfg = Release|Any CPU
		{A8E4871A-5996-489D-A63C-08CECC1C4C2A}.Release|x86.Build.0 = Release|Any CPU
		{A8E4871A-5996-489D-A63C-08CECC1C4C2A}.Release|x86.Deploy.0 = Release|Any CPU
		{53D6C90B-51D0-49A4-9984-8D791CAB097A}.Debug|Any CPU.ActiveCfg = Debug|Any CPU
		{53D6C90B-51D0-49A4-9984-8D791CAB097A}.Debug|Any CPU.Build.0 = Debug|Any CPU
		{53D6C90B-51D0-49A4-9984-8D791CAB097A}.Debug|iPhone.ActiveCfg = Debug|Any CPU
		{53D6C90B-51D0-49A4-9984-8D791CAB097A}.Debug|iPhone.Build.0 = Debug|Any CPU
		{53D6C90B-51D0-49A4-9984-8D791CAB097A}.Debug|iPhoneSimulator.ActiveCfg = Debug|Any CPU
		{53D6C90B-51D0-49A4-9984-8D791CAB097A}.Debug|iPhoneSimulator.Build.0 = Debug|Any CPU
		{53D6C90B-51D0-49A4-9984-8D791CAB097A}.Debug|x64.ActiveCfg = Debug|Any CPU
		{53D6C90B-51D0-49A4-9984-8D791CAB097A}.Debug|x64.Build.0 = Debug|Any CPU
		{53D6C90B-51D0-49A4-9984-8D791CAB097A}.Debug|x86.ActiveCfg = Debug|Any CPU
		{53D6C90B-51D0-49A4-9984-8D791CAB097A}.Debug|x86.Build.0 = Debug|Any CPU
		{53D6C90B-51D0-49A4-9984-8D791CAB097A}.Release|Any CPU.ActiveCfg = Release|Any CPU
		{53D6C90B-51D0-49A4-9984-8D791CAB097A}.Release|Any CPU.Build.0 = Release|Any CPU
		{53D6C90B-51D0-49A4-9984-8D791CAB097A}.Release|iPhone.ActiveCfg = Release|Any CPU
		{53D6C90B-51D0-49A4-9984-8D791CAB097A}.Release|iPhone.Build.0 = Release|Any CPU
		{53D6C90B-51D0-49A4-9984-8D791CAB097A}.Release|iPhoneSimulator.ActiveCfg = Release|Any CPU
		{53D6C90B-51D0-49A4-9984-8D791CAB097A}.Release|iPhoneSimulator.Build.0 = Release|Any CPU
		{53D6C90B-51D0-49A4-9984-8D791CAB097A}.Release|x64.ActiveCfg = Release|Any CPU
		{53D6C90B-51D0-49A4-9984-8D791CAB097A}.Release|x64.Build.0 = Release|Any CPU
		{53D6C90B-51D0-49A4-9984-8D791CAB097A}.Release|x86.ActiveCfg = Release|Any CPU
		{53D6C90B-51D0-49A4-9984-8D791CAB097A}.Release|x86.Build.0 = Release|Any CPU
		{79FB30A4-B7F9-4B3F-B9DB-45C2F09A4275}.Debug|Any CPU.ActiveCfg = Debug|Any CPU
		{79FB30A4-B7F9-4B3F-B9DB-45C2F09A4275}.Debug|Any CPU.Build.0 = Debug|Any CPU
		{79FB30A4-B7F9-4B3F-B9DB-45C2F09A4275}.Debug|iPhone.ActiveCfg = Debug|Any CPU
		{79FB30A4-B7F9-4B3F-B9DB-45C2F09A4275}.Debug|iPhone.Build.0 = Debug|Any CPU
		{79FB30A4-B7F9-4B3F-B9DB-45C2F09A4275}.Debug|iPhoneSimulator.ActiveCfg = Debug|Any CPU
		{79FB30A4-B7F9-4B3F-B9DB-45C2F09A4275}.Debug|iPhoneSimulator.Build.0 = Debug|Any CPU
		{79FB30A4-B7F9-4B3F-B9DB-45C2F09A4275}.Debug|x64.ActiveCfg = Debug|Any CPU
		{79FB30A4-B7F9-4B3F-B9DB-45C2F09A4275}.Debug|x64.Build.0 = Debug|Any CPU
		{79FB30A4-B7F9-4B3F-B9DB-45C2F09A4275}.Debug|x86.ActiveCfg = Debug|Any CPU
		{79FB30A4-B7F9-4B3F-B9DB-45C2F09A4275}.Debug|x86.Build.0 = Debug|Any CPU
		{79FB30A4-B7F9-4B3F-B9DB-45C2F09A4275}.Release|Any CPU.ActiveCfg = Release|Any CPU
		{79FB30A4-B7F9-4B3F-B9DB-45C2F09A4275}.Release|Any CPU.Build.0 = Release|Any CPU
		{79FB30A4-B7F9-4B3F-B9DB-45C2F09A4275}.Release|iPhone.ActiveCfg = Release|Any CPU
		{79FB30A4-B7F9-4B3F-B9DB-45C2F09A4275}.Release|iPhone.Build.0 = Release|Any CPU
		{79FB30A4-B7F9-4B3F-B9DB-45C2F09A4275}.Release|iPhoneSimulator.ActiveCfg = Release|Any CPU
		{79FB30A4-B7F9-4B3F-B9DB-45C2F09A4275}.Release|iPhoneSimulator.Build.0 = Release|Any CPU
		{79FB30A4-B7F9-4B3F-B9DB-45C2F09A4275}.Release|x64.ActiveCfg = Release|Any CPU
		{79FB30A4-B7F9-4B3F-B9DB-45C2F09A4275}.Release|x64.Build.0 = Release|Any CPU
		{79FB30A4-B7F9-4B3F-B9DB-45C2F09A4275}.Release|x86.ActiveCfg = Release|Any CPU
		{79FB30A4-B7F9-4B3F-B9DB-45C2F09A4275}.Release|x86.Build.0 = Release|Any CPU
		{D2CB7E1E-6BC7-4650-B0E3-6643BFF79FF1}.Debug|Any CPU.ActiveCfg = Debug|Any CPU
		{D2CB7E1E-6BC7-4650-B0E3-6643BFF79FF1}.Debug|Any CPU.Build.0 = Debug|Any CPU
		{D2CB7E1E-6BC7-4650-B0E3-6643BFF79FF1}.Debug|iPhone.ActiveCfg = Debug|Any CPU
		{D2CB7E1E-6BC7-4650-B0E3-6643BFF79FF1}.Debug|iPhone.Build.0 = Debug|Any CPU
		{D2CB7E1E-6BC7-4650-B0E3-6643BFF79FF1}.Debug|iPhoneSimulator.ActiveCfg = Debug|Any CPU
		{D2CB7E1E-6BC7-4650-B0E3-6643BFF79FF1}.Debug|iPhoneSimulator.Build.0 = Debug|Any CPU
		{D2CB7E1E-6BC7-4650-B0E3-6643BFF79FF1}.Debug|x64.ActiveCfg = Debug|Any CPU
		{D2CB7E1E-6BC7-4650-B0E3-6643BFF79FF1}.Debug|x64.Build.0 = Debug|Any CPU
		{D2CB7E1E-6BC7-4650-B0E3-6643BFF79FF1}.Debug|x86.ActiveCfg = Debug|Any CPU
		{D2CB7E1E-6BC7-4650-B0E3-6643BFF79FF1}.Debug|x86.Build.0 = Debug|Any CPU
		{D2CB7E1E-6BC7-4650-B0E3-6643BFF79FF1}.Release|Any CPU.ActiveCfg = Release|Any CPU
		{D2CB7E1E-6BC7-4650-B0E3-6643BFF79FF1}.Release|Any CPU.Build.0 = Release|Any CPU
		{D2CB7E1E-6BC7-4650-B0E3-6643BFF79FF1}.Release|iPhone.ActiveCfg = Release|Any CPU
		{D2CB7E1E-6BC7-4650-B0E3-6643BFF79FF1}.Release|iPhone.Build.0 = Release|Any CPU
		{D2CB7E1E-6BC7-4650-B0E3-6643BFF79FF1}.Release|iPhoneSimulator.ActiveCfg = Release|Any CPU
		{D2CB7E1E-6BC7-4650-B0E3-6643BFF79FF1}.Release|iPhoneSimulator.Build.0 = Release|Any CPU
		{D2CB7E1E-6BC7-4650-B0E3-6643BFF79FF1}.Release|x64.ActiveCfg = Release|Any CPU
		{D2CB7E1E-6BC7-4650-B0E3-6643BFF79FF1}.Release|x64.Build.0 = Release|Any CPU
		{D2CB7E1E-6BC7-4650-B0E3-6643BFF79FF1}.Release|x86.ActiveCfg = Release|Any CPU
		{D2CB7E1E-6BC7-4650-B0E3-6643BFF79FF1}.Release|x86.Build.0 = Release|Any CPU
		{3D542ACD-B0D8-40D5-BD54-C41806455F9D}.Debug|Any CPU.ActiveCfg = Debug|Any CPU
		{3D542ACD-B0D8-40D5-BD54-C41806455F9D}.Debug|Any CPU.Build.0 = Debug|Any CPU
		{3D542ACD-B0D8-40D5-BD54-C41806455F9D}.Debug|iPhone.ActiveCfg = Debug|Any CPU
		{3D542ACD-B0D8-40D5-BD54-C41806455F9D}.Debug|iPhone.Build.0 = Debug|Any CPU
		{3D542ACD-B0D8-40D5-BD54-C41806455F9D}.Debug|iPhoneSimulator.ActiveCfg = Debug|Any CPU
		{3D542ACD-B0D8-40D5-BD54-C41806455F9D}.Debug|iPhoneSimulator.Build.0 = Debug|Any CPU
		{3D542ACD-B0D8-40D5-BD54-C41806455F9D}.Debug|x64.ActiveCfg = Debug|Any CPU
		{3D542ACD-B0D8-40D5-BD54-C41806455F9D}.Debug|x64.Build.0 = Debug|Any CPU
		{3D542ACD-B0D8-40D5-BD54-C41806455F9D}.Debug|x86.ActiveCfg = Debug|Any CPU
		{3D542ACD-B0D8-40D5-BD54-C41806455F9D}.Debug|x86.Build.0 = Debug|Any CPU
		{3D542ACD-B0D8-40D5-BD54-C41806455F9D}.Release|Any CPU.ActiveCfg = Release|Any CPU
		{3D542ACD-B0D8-40D5-BD54-C41806455F9D}.Release|Any CPU.Build.0 = Release|Any CPU
		{3D542ACD-B0D8-40D5-BD54-C41806455F9D}.Release|iPhone.ActiveCfg = Release|Any CPU
		{3D542ACD-B0D8-40D5-BD54-C41806455F9D}.Release|iPhone.Build.0 = Release|Any CPU
		{3D542ACD-B0D8-40D5-BD54-C41806455F9D}.Release|iPhoneSimulator.ActiveCfg = Release|Any CPU
		{3D542ACD-B0D8-40D5-BD54-C41806455F9D}.Release|iPhoneSimulator.Build.0 = Release|Any CPU
		{3D542ACD-B0D8-40D5-BD54-C41806455F9D}.Release|x64.ActiveCfg = Release|Any CPU
		{3D542ACD-B0D8-40D5-BD54-C41806455F9D}.Release|x64.Build.0 = Release|Any CPU
		{3D542ACD-B0D8-40D5-BD54-C41806455F9D}.Release|x86.ActiveCfg = Release|Any CPU
		{3D542ACD-B0D8-40D5-BD54-C41806455F9D}.Release|x86.Build.0 = Release|Any CPU
		{BCE2F813-54EA-4A40-86E7-CD8907ABAD73}.Debug|Any CPU.ActiveCfg = Debug|Any CPU
		{BCE2F813-54EA-4A40-86E7-CD8907ABAD73}.Debug|Any CPU.Build.0 = Debug|Any CPU
		{BCE2F813-54EA-4A40-86E7-CD8907ABAD73}.Debug|iPhone.ActiveCfg = Debug|Any CPU
		{BCE2F813-54EA-4A40-86E7-CD8907ABAD73}.Debug|iPhone.Build.0 = Debug|Any CPU
		{BCE2F813-54EA-4A40-86E7-CD8907ABAD73}.Debug|iPhoneSimulator.ActiveCfg = Debug|Any CPU
		{BCE2F813-54EA-4A40-86E7-CD8907ABAD73}.Debug|iPhoneSimulator.Build.0 = Debug|Any CPU
		{BCE2F813-54EA-4A40-86E7-CD8907ABAD73}.Debug|x64.ActiveCfg = Debug|Any CPU
		{BCE2F813-54EA-4A40-86E7-CD8907ABAD73}.Debug|x64.Build.0 = Debug|Any CPU
		{BCE2F813-54EA-4A40-86E7-CD8907ABAD73}.Debug|x86.ActiveCfg = Debug|Any CPU
		{BCE2F813-54EA-4A40-86E7-CD8907ABAD73}.Debug|x86.Build.0 = Debug|Any CPU
		{BCE2F813-54EA-4A40-86E7-CD8907ABAD73}.Release|Any CPU.ActiveCfg = Release|Any CPU
		{BCE2F813-54EA-4A40-86E7-CD8907ABAD73}.Release|Any CPU.Build.0 = Release|Any CPU
		{BCE2F813-54EA-4A40-86E7-CD8907ABAD73}.Release|iPhone.ActiveCfg = Release|Any CPU
		{BCE2F813-54EA-4A40-86E7-CD8907ABAD73}.Release|iPhone.Build.0 = Release|Any CPU
		{BCE2F813-54EA-4A40-86E7-CD8907ABAD73}.Release|iPhoneSimulator.ActiveCfg = Release|Any CPU
		{BCE2F813-54EA-4A40-86E7-CD8907ABAD73}.Release|iPhoneSimulator.Build.0 = Release|Any CPU
		{BCE2F813-54EA-4A40-86E7-CD8907ABAD73}.Release|x64.ActiveCfg = Release|Any CPU
		{BCE2F813-54EA-4A40-86E7-CD8907ABAD73}.Release|x64.Build.0 = Release|Any CPU
		{BCE2F813-54EA-4A40-86E7-CD8907ABAD73}.Release|x86.ActiveCfg = Release|Any CPU
		{BCE2F813-54EA-4A40-86E7-CD8907ABAD73}.Release|x86.Build.0 = Release|Any CPU
		{BB46E057-BE37-4786-B361-8E8CCDAEB67E}.Debug|Any CPU.ActiveCfg = Debug|Any CPU
		{BB46E057-BE37-4786-B361-8E8CCDAEB67E}.Debug|Any CPU.Build.0 = Debug|Any CPU
		{BB46E057-BE37-4786-B361-8E8CCDAEB67E}.Debug|iPhone.ActiveCfg = Debug|Any CPU
		{BB46E057-BE37-4786-B361-8E8CCDAEB67E}.Debug|iPhone.Build.0 = Debug|Any CPU
		{BB46E057-BE37-4786-B361-8E8CCDAEB67E}.Debug|iPhoneSimulator.ActiveCfg = Debug|Any CPU
		{BB46E057-BE37-4786-B361-8E8CCDAEB67E}.Debug|iPhoneSimulator.Build.0 = Debug|Any CPU
		{BB46E057-BE37-4786-B361-8E8CCDAEB67E}.Debug|x64.ActiveCfg = Debug|Any CPU
		{BB46E057-BE37-4786-B361-8E8CCDAEB67E}.Debug|x64.Build.0 = Debug|Any CPU
		{BB46E057-BE37-4786-B361-8E8CCDAEB67E}.Debug|x86.ActiveCfg = Debug|Any CPU
		{BB46E057-BE37-4786-B361-8E8CCDAEB67E}.Debug|x86.Build.0 = Debug|Any CPU
		{BB46E057-BE37-4786-B361-8E8CCDAEB67E}.Release|Any CPU.ActiveCfg = Release|Any CPU
		{BB46E057-BE37-4786-B361-8E8CCDAEB67E}.Release|Any CPU.Build.0 = Release|Any CPU
		{BB46E057-BE37-4786-B361-8E8CCDAEB67E}.Release|iPhone.ActiveCfg = Release|Any CPU
		{BB46E057-BE37-4786-B361-8E8CCDAEB67E}.Release|iPhone.Build.0 = Release|Any CPU
		{BB46E057-BE37-4786-B361-8E8CCDAEB67E}.Release|iPhoneSimulator.ActiveCfg = Release|Any CPU
		{BB46E057-BE37-4786-B361-8E8CCDAEB67E}.Release|iPhoneSimulator.Build.0 = Release|Any CPU
		{BB46E057-BE37-4786-B361-8E8CCDAEB67E}.Release|x64.ActiveCfg = Release|Any CPU
		{BB46E057-BE37-4786-B361-8E8CCDAEB67E}.Release|x64.Build.0 = Release|Any CPU
		{BB46E057-BE37-4786-B361-8E8CCDAEB67E}.Release|x86.ActiveCfg = Release|Any CPU
		{BB46E057-BE37-4786-B361-8E8CCDAEB67E}.Release|x86.Build.0 = Release|Any CPU
		{ADD01D7B-0390-4060-A769-A3C7E69E2EC7}.Debug|Any CPU.ActiveCfg = Debug|iPhone
		{ADD01D7B-0390-4060-A769-A3C7E69E2EC7}.Debug|iPhone.ActiveCfg = Debug|iPhone
		{ADD01D7B-0390-4060-A769-A3C7E69E2EC7}.Debug|iPhone.Build.0 = Debug|iPhone
		{ADD01D7B-0390-4060-A769-A3C7E69E2EC7}.Debug|iPhoneSimulator.ActiveCfg = Debug|iPhoneSimulator
		{ADD01D7B-0390-4060-A769-A3C7E69E2EC7}.Debug|iPhoneSimulator.Build.0 = Debug|iPhoneSimulator
		{ADD01D7B-0390-4060-A769-A3C7E69E2EC7}.Debug|x64.ActiveCfg = Debug|iPhone
		{ADD01D7B-0390-4060-A769-A3C7E69E2EC7}.Debug|x86.ActiveCfg = Debug|iPhone
		{ADD01D7B-0390-4060-A769-A3C7E69E2EC7}.Release|Any CPU.ActiveCfg = Release|iPhone
		{ADD01D7B-0390-4060-A769-A3C7E69E2EC7}.Release|iPhone.ActiveCfg = Release|iPhone
		{ADD01D7B-0390-4060-A769-A3C7E69E2EC7}.Release|iPhone.Build.0 = Release|iPhone
		{ADD01D7B-0390-4060-A769-A3C7E69E2EC7}.Release|iPhoneSimulator.ActiveCfg = Release|iPhoneSimulator
		{ADD01D7B-0390-4060-A769-A3C7E69E2EC7}.Release|iPhoneSimulator.Build.0 = Release|iPhoneSimulator
		{ADD01D7B-0390-4060-A769-A3C7E69E2EC7}.Release|x64.ActiveCfg = Release|iPhone
		{ADD01D7B-0390-4060-A769-A3C7E69E2EC7}.Release|x86.ActiveCfg = Release|iPhone
	EndGlobalSection
	GlobalSection(SolutionProperties) = preSolution
		HideSolutionNode = FALSE
	EndGlobalSection
	GlobalSection(NestedProjects) = preSolution
		{A8E4871A-5996-489D-A63C-08CECC1C4C2A} = {D7738983-70E8-4399-AFD9-76FA58AAEF2F}
		{53D6C90B-51D0-49A4-9984-8D791CAB097A} = {D7738983-70E8-4399-AFD9-76FA58AAEF2F}
		{ADD01D7B-0390-4060-A769-A3C7E69E2EC7} = {D7738983-70E8-4399-AFD9-76FA58AAEF2F}
	EndGlobalSection
	GlobalSection(ExtensibilityGlobals) = postSolution
		SolutionGuid = {2B15EBC5-6764-41AC-B2F6-4AD9D3EA86F3}
	EndGlobalSection
EndGlobal
